// !$*UTF8*$!
{
	archiveVersion = 1;
	classes = {
	};
	objectVersion = 46;
	objects = {

/* Begin PBXBuildFile section */
		73074F211D1108C10040060A /* sound.mp3 in Resources */ = {isa = PBXBuildFile; fileRef = 73074F201D1108C10040060A /* sound.mp3 */; };
		730820FD1D02CE6100ACE5C6 /* AMapSearchKit.framework in Frameworks */ = {isa = PBXBuildFile; fileRef = 730820FB1D02CE6100ACE5C6 /* AMapSearchKit.framework */; };
		730821001D02CE6B00ACE5C6 /* AMapNaviKit.framework in Frameworks */ = {isa = PBXBuildFile; fileRef = 730820FF1D02CE6B00ACE5C6 /* AMapNaviKit.framework */; };
		730821021D02CF5A00ACE5C6 /* AddressBook.framework in Frameworks */ = {isa = PBXBuildFile; fileRef = 730821011D02CF5A00ACE5C6 /* AddressBook.framework */; };
		730821051D02D06400ACE5C6 /* AMapNavi.bundle in Resources */ = {isa = PBXBuildFile; fileRef = 730821031D02D06400ACE5C6 /* AMapNavi.bundle */; };
		730821061D02D06400ACE5C6 /* AMap.bundle in Resources */ = {isa = PBXBuildFile; fileRef = 730821041D02D06400ACE5C6 /* AMap.bundle */; };
		730A3FC61BEB1E4100083906 /* location_order.png in Resources */ = {isa = PBXBuildFile; fileRef = 730A3FC51BEB1E4100083906 /* location_order.png */; };
		730B7F741CDADA49003D6096 /* GCDAsyncUdpSocket.m in Sources */ = {isa = PBXBuildFile; fileRef = 730B7F711CDADA49003D6096 /* GCDAsyncUdpSocket.m */; };
		730B7F751CDADA49003D6096 /* UserLocation.m in Sources */ = {isa = PBXBuildFile; fileRef = 730B7F731CDADA49003D6096 /* UserLocation.m */; };
		730B7F7A1CDB3512003D6096 /* icon_hua.png in Resources */ = {isa = PBXBuildFile; fileRef = 730B7F791CDB3512003D6096 /* icon_hua.png */; };
		731083901D153A0000522835 /* deliverySound.caf in Resources */ = {isa = PBXBuildFile; fileRef = 7310838F1D153A0000522835 /* deliverySound.caf */; };
		731D430D1D050F3A005C8817 /* AMapSearchm.m in Sources */ = {isa = PBXBuildFile; fileRef = 731D430C1D050F3A005C8817 /* AMapSearchm.m */; };
		731D43111D051FCB005C8817 /* NavPointAnnotation.m in Sources */ = {isa = PBXBuildFile; fileRef = 731D43101D051FCB005C8817 /* NavPointAnnotation.m */; };
		732CFEEF1CFC1849000B19DD /* jpush-ios-2.1.7.a in Frameworks */ = {isa = PBXBuildFile; fileRef = 732CFEED1CFC1849000B19DD /* jpush-ios-2.1.7.a */; };
		733090641D17DF1B00339847 /* SDBManager.m in Sources */ = {isa = PBXBuildFile; fileRef = 733090631D17DF1B00339847 /* SDBManager.m */; };
		733090671D17DF7000339847 /* PositionDB.m in Sources */ = {isa = PBXBuildFile; fileRef = 733090661D17DF7000339847 /* PositionDB.m */; };
		7330906A1D17DF8B00339847 /* PositionModel.m in Sources */ = {isa = PBXBuildFile; fileRef = 733090691D17DF8B00339847 /* PositionModel.m */; };
		733090771D17E00400339847 /* FMDatabase.m in Sources */ = {isa = PBXBuildFile; fileRef = 7330906D1D17E00400339847 /* FMDatabase.m */; };
		733090781D17E00400339847 /* FMDatabaseAdditions.m in Sources */ = {isa = PBXBuildFile; fileRef = 7330906F1D17E00400339847 /* FMDatabaseAdditions.m */; };
		733090791D17E00400339847 /* FMDatabasePool.m in Sources */ = {isa = PBXBuildFile; fileRef = 733090711D17E00400339847 /* FMDatabasePool.m */; };
		7330907A1D17E00400339847 /* FMDatabaseQueue.m in Sources */ = {isa = PBXBuildFile; fileRef = 733090731D17E00400339847 /* FMDatabaseQueue.m */; };
		7330907B1D17E00400339847 /* FMResultSet.m in Sources */ = {isa = PBXBuildFile; fileRef = 733090761D17E00400339847 /* FMResultSet.m */; };
		733168A81BDB16E900D81EC2 /* UIViewAdditions.m in Sources */ = {isa = PBXBuildFile; fileRef = 733168A61BDB16E900D81EC2 /* UIViewAdditions.m */; settings = {COMPILER_FLAGS = "-fno-objc-arc"; }; };
		733168AB1BDB28ED00D81EC2 /* PHOTO.png in Resources */ = {isa = PBXBuildFile; fileRef = 733168AA1BDB28ED00D81EC2 /* PHOTO.png */; };
		7333D5DA1CDC921600584755 /* dianhua.png in Resources */ = {isa = PBXBuildFile; fileRef = 7333D5D91CDC921600584755 /* dianhua.png */; };
		734287151C4621480093D133 /* arrowright.png in Resources */ = {isa = PBXBuildFile; fileRef = 734287141C4621480093D133 /* arrowright.png */; };
		734287171C4623D90093D133 /* LoginViewController.xib in Resources */ = {isa = PBXBuildFile; fileRef = 734287161C4623D90093D133 /* LoginViewController.xib */; };
		7342871A1C4623F80093D133 /* LoginViewController.m in Sources */ = {isa = PBXBuildFile; fileRef = 734287191C4623F80093D133 /* LoginViewController.m */; };
		7342871D1C4628AF0093D133 /* password_hide.png in Resources */ = {isa = PBXBuildFile; fileRef = 7342871B1C4628AF0093D133 /* password_hide.png */; };
		7342871E1C4628AF0093D133 /* password_show.png in Resources */ = {isa = PBXBuildFile; fileRef = 7342871C1C4628AF0093D133 /* password_show.png */; };
		734287201C46324F0093D133 /* 1px.png in Resources */ = {isa = PBXBuildFile; fileRef = 7342871F1C46324F0093D133 /* 1px.png */; };
		734287231C463C8C0093D133 /* HTTPPost.m in Sources */ = {isa = PBXBuildFile; fileRef = 734287221C463C8C0093D133 /* HTTPPost.m */; };
		734287261C464C0D0093D133 /* NSString+MD5.m in Sources */ = {isa = PBXBuildFile; fileRef = 734287251C464C0D0093D133 /* NSString+MD5.m */; };
		734287291C464F440093D133 /* UserInfo.m in Sources */ = {isa = PBXBuildFile; fileRef = 734287281C464F440093D133 /* UserInfo.m */; };
		7342872F1C46518D0093D133 /* CFNetwork.framework in Frameworks */ = {isa = PBXBuildFile; fileRef = 7342872E1C46518D0093D133 /* CFNetwork.framework */; };
		734287311C4651950093D133 /* CoreFoundation.framework in Frameworks */ = {isa = PBXBuildFile; fileRef = 734287301C4651950093D133 /* CoreFoundation.framework */; };
		734287331C4651A00093D133 /* CoreTelephony.framework in Frameworks */ = {isa = PBXBuildFile; fileRef = 734287321C4651A00093D133 /* CoreTelephony.framework */; };
		734287351C4651B10093D133 /* SystemConfiguration.framework in Frameworks */ = {isa = PBXBuildFile; fileRef = 734287341C4651B10093D133 /* SystemConfiguration.framework */; };
		734287371C4651BB0093D133 /* CoreGraphics.framework in Frameworks */ = {isa = PBXBuildFile; fileRef = 734287361C4651BB0093D133 /* CoreGraphics.framework */; };
		734287391C4651C70093D133 /* Foundation.framework in Frameworks */ = {isa = PBXBuildFile; fileRef = 734287381C4651C70093D133 /* Foundation.framework */; };
		7342873B1C4651D20093D133 /* UIKit.framework in Frameworks */ = {isa = PBXBuildFile; fileRef = 7342873A1C4651D20093D133 /* UIKit.framework */; };
		7342873D1C4651DC0093D133 /* Security.framework in Frameworks */ = {isa = PBXBuildFile; fileRef = 7342873C1C4651DC0093D133 /* Security.framework */; };
		7342873F1C4651EE0093D133 /* libz.tbd in Frameworks */ = {isa = PBXBuildFile; fileRef = 7342873E1C4651EE0093D133 /* libz.tbd */; };
		734E531A1D06CCEA00F68CA5 /* iflyMSC.framework in Frameworks */ = {isa = PBXBuildFile; fileRef = 734E53191D06CCEA00F68CA5 /* iflyMSC.framework */; };
		734E531C1D06CD3C00F68CA5 /* libc++.tbd in Frameworks */ = {isa = PBXBuildFile; fileRef = 734E531B1D06CD3C00F68CA5 /* libc++.tbd */; };
		735AB37C1BD9FA9200075477 /* main.m in Sources */ = {isa = PBXBuildFile; fileRef = 735AB37B1BD9FA9200075477 /* main.m */; };
		735AB37F1BD9FA9200075477 /* AppDelegate.m in Sources */ = {isa = PBXBuildFile; fileRef = 735AB37E1BD9FA9200075477 /* AppDelegate.m */; };
		735AB3811BD9FA9200075477 /* Assets.xcassets in Resources */ = {isa = PBXBuildFile; fileRef = 735AB3801BD9FA9200075477 /* Assets.xcassets */; };
		735AB3841BD9FA9200075477 /* LaunchScreen.storyboard in Resources */ = {isa = PBXBuildFile; fileRef = 735AB3821BD9FA9200075477 /* LaunchScreen.storyboard */; };
		735AB38F1BD9FA9200075477 /* DeliveryTests.m in Sources */ = {isa = PBXBuildFile; fileRef = 735AB38E1BD9FA9200075477 /* DeliveryTests.m */; };
		735AB39A1BD9FA9200075477 /* DeliveryUITests.m in Sources */ = {isa = PBXBuildFile; fileRef = 735AB3991BD9FA9200075477 /* DeliveryUITests.m */; };
		735AB3B11BDA306800075477 /* OrderViewController.m in Sources */ = {isa = PBXBuildFile; fileRef = 735AB3B01BDA306800075477 /* OrderViewController.m */; };
		735AB3BC1BDA30FB00075477 /* UserCenterViewController.m in Sources */ = {isa = PBXBuildFile; fileRef = 735AB3BB1BDA30FB00075477 /* UserCenterViewController.m */; };
		735AB3BF1BDA320800075477 /* OtherView.m in Sources */ = {isa = PBXBuildFile; fileRef = 735AB3BE1BDA320800075477 /* OtherView.m */; };
		7365872A1C47664F00DFB6AE /* PushConfig.plist in Resources */ = {isa = PBXBuildFile; fileRef = 736587291C47664F00DFB6AE /* PushConfig.plist */; };
		7365872D1C476EC300DFB6AE /* JSONKit.m in Sources */ = {isa = PBXBuildFile; fileRef = 7365872C1C476EC300DFB6AE /* JSONKit.m */; settings = {COMPILER_FLAGS = "-fno-objc-arc"; }; };
		736587301C4778A500DFB6AE /* NSDictionary+Unicode.m in Sources */ = {isa = PBXBuildFile; fileRef = 7365872F1C4778A500DFB6AE /* NSDictionary+Unicode.m */; };
		736587331C47792B00DFB6AE /* JRSwizzle.m in Sources */ = {isa = PBXBuildFile; fileRef = 736587321C47792B00DFB6AE /* JRSwizzle.m */; };
		736587361C477FAF00DFB6AE /* AFClient.m in Sources */ = {isa = PBXBuildFile; fileRef = 736587351C477FAF00DFB6AE /* AFClient.m */; };
		736A12021C4DDB2100549177 /* Images.xcassets in Resources */ = {isa = PBXBuildFile; fileRef = 736A12011C4DDB2100549177 /* Images.xcassets */; };
		736A120B1C4DFCDB00549177 /* BaiduMapAPI_Base.framework in Frameworks */ = {isa = PBXBuildFile; fileRef = 736A12041C4DFCDB00549177 /* BaiduMapAPI_Base.framework */; };
		736A120C1C4DFCDB00549177 /* BaiduMapAPI_Cloud.framework in Frameworks */ = {isa = PBXBuildFile; fileRef = 736A12051C4DFCDB00549177 /* BaiduMapAPI_Cloud.framework */; };
		736A120D1C4DFCDB00549177 /* BaiduMapAPI_Location.framework in Frameworks */ = {isa = PBXBuildFile; fileRef = 736A12061C4DFCDB00549177 /* BaiduMapAPI_Location.framework */; };
		736A120E1C4DFCDB00549177 /* BaiduMapAPI_Map.framework in Frameworks */ = {isa = PBXBuildFile; fileRef = 736A12071C4DFCDB00549177 /* BaiduMapAPI_Map.framework */; };
		736A120F1C4DFCDB00549177 /* BaiduMapAPI_Radar.framework in Frameworks */ = {isa = PBXBuildFile; fileRef = 736A12081C4DFCDB00549177 /* BaiduMapAPI_Radar.framework */; };
		736A12101C4DFCDB00549177 /* BaiduMapAPI_Search.framework in Frameworks */ = {isa = PBXBuildFile; fileRef = 736A12091C4DFCDB00549177 /* BaiduMapAPI_Search.framework */; };
		736A12111C4DFCDB00549177 /* BaiduMapAPI_Utils.framework in Frameworks */ = {isa = PBXBuildFile; fileRef = 736A120A1C4DFCDB00549177 /* BaiduMapAPI_Utils.framework */; };
		736A12141C4DFFD300549177 /* Mapcontroller.mm in Sources */ = {isa = PBXBuildFile; fileRef = 736A12131C4DFFD300549177 /* Mapcontroller.mm */; };
		736A12161C4E000800549177 /* CoreLocation.framework in Frameworks */ = {isa = PBXBuildFile; fileRef = 736A12151C4E000800549177 /* CoreLocation.framework */; };
		736A12181C4E001B00549177 /* QuartzCore.framework in Frameworks */ = {isa = PBXBuildFile; fileRef = 736A12171C4E001B00549177 /* QuartzCore.framework */; };
		736A121A1C4E002500549177 /* OpenGLES.framework in Frameworks */ = {isa = PBXBuildFile; fileRef = 736A12191C4E002500549177 /* OpenGLES.framework */; };
		736A121C1C4E005D00549177 /* libsqlite3.0.tbd in Frameworks */ = {isa = PBXBuildFile; fileRef = 736A121B1C4E005D00549177 /* libsqlite3.0.tbd */; };
		736A121E1C4E007600549177 /* libstdc++.6.0.9.tbd in Frameworks */ = {isa = PBXBuildFile; fileRef = 736A121D1C4E007600549177 /* libstdc++.6.0.9.tbd */; };
		736A12201C4E011B00549177 /* mapapi.bundle in Resources */ = {isa = PBXBuildFile; fileRef = 736A121F1C4E011B00549177 /* mapapi.bundle */; };
		736A27DB1CC878C400D15CFC /* MealDetailsView.m in Sources */ = {isa = PBXBuildFile; fileRef = 736A27DA1CC878C400D15CFC /* MealDetailsView.m */; };
		73711F451C45EC9300D111A8 /* setting_normal.png in Resources */ = {isa = PBXBuildFile; fileRef = 73711F441C45EC9300D111A8 /* setting_normal.png */; };
		73731C9F1C98F124009F870D /* AFAppDotNetAPIClient.m in Sources */ = {isa = PBXBuildFile; fileRef = 73731C9E1C98F124009F870D /* AFAppDotNetAPIClient.m */; };
		7374587B1C508AA500C37760 /* Icon-80.png in Resources */ = {isa = PBXBuildFile; fileRef = 7374587A1C508AA500C37760 /* Icon-80.png */; };
		7374C00C1C8D0D7500A30CF8 /* TransportLocation.m in Sources */ = {isa = PBXBuildFile; fileRef = 7374C00B1C8D0D7500A30CF8 /* TransportLocation.m */; };
		7374C0131C8D143500A30CF8 /* CLLocation+YCLocation.m in Sources */ = {isa = PBXBuildFile; fileRef = 7374C0121C8D143500A30CF8 /* CLLocation+YCLocation.m */; };
		7374C0161C8D4E4B00A30CF8 /* CCLocationManager.m in Sources */ = {isa = PBXBuildFile; fileRef = 7374C0151C8D4E4B00A30CF8 /* CCLocationManager.m */; };
		7374C0191C8D5E5800A30CF8 /* ViewController.m in Sources */ = {isa = PBXBuildFile; fileRef = 7374C0181C8D5E5800A30CF8 /* ViewController.m */; };
		73792F501C4C754A00E4BD58 /* sound.caf in Resources */ = {isa = PBXBuildFile; fileRef = 73792F4F1C4C754A00E4BD58 /* sound.caf */; };
		73792F521C4C763200E4BD58 /* AudioToolbox.framework in Frameworks */ = {isa = PBXBuildFile; fileRef = 73792F511C4C763200E4BD58 /* AudioToolbox.framework */; };
		73792F541C4C8B9100E4BD58 /* setting.png in Resources */ = {isa = PBXBuildFile; fileRef = 73792F531C4C8B9100E4BD58 /* setting.png */; };
		73792F561C4C8C8E00E4BD58 /* setting@2x.png in Resources */ = {isa = PBXBuildFile; fileRef = 73792F551C4C8C8E00E4BD58 /* setting@2x.png */; };
		73792F581C4C8EA600E4BD58 /* remark_order.png in Resources */ = {isa = PBXBuildFile; fileRef = 73792F571C4C8EA600E4BD58 /* remark_order.png */; };
		737A3E5D1C43729900949457 /* MealPriceView.m in Sources */ = {isa = PBXBuildFile; fileRef = 737A3E5C1C43729900949457 /* MealPriceView.m */; };
		737A3E601C43758B00949457 /* Meal.m in Sources */ = {isa = PBXBuildFile; fileRef = 737A3E5F1C43758B00949457 /* Meal.m */; };
		737A3E621C43778700949457 /* action_food_left.png in Resources */ = {isa = PBXBuildFile; fileRef = 737A3E611C43778700949457 /* action_food_left.png */; };
		737A3E651C43789F00949457 /* NewOrderModel.m in Sources */ = {isa = PBXBuildFile; fileRef = 737A3E641C43789F00949457 /* NewOrderModel.m */; };
		737A3E681C4382FD00949457 /* OrderDetailController.m in Sources */ = {isa = PBXBuildFile; fileRef = 737A3E671C4382FD00949457 /* OrderDetailController.m */; };
		737A3E6B1C43899B00949457 /* OrderMenuVIew.m in Sources */ = {isa = PBXBuildFile; fileRef = 737A3E6A1C43899B00949457 /* OrderMenuVIew.m */; };
		737BE8761BDF1558002DD240 /* back@2x.png in Resources */ = {isa = PBXBuildFile; fileRef = 737BE8751BDF1558002DD240 /* back@2x.png */; };
		737BE8791BDF17B1002DD240 /* CenterViewController.m in Sources */ = {isa = PBXBuildFile; fileRef = 737BE8781BDF17B1002DD240 /* CenterViewController.m */; };
		737BE87B1BDF23CB002DD240 /* backImage.jpg in Resources */ = {isa = PBXBuildFile; fileRef = 737BE87A1BDF23CB002DD240 /* backImage.jpg */; };
		7380FB0D1CD1E07400D4C602 /* colect_s.png in Resources */ = {isa = PBXBuildFile; fileRef = 7380FB0C1CD1E07400D4C602 /* colect_s.png */; };
		73815FD61C4F24F4008F1BC2 /* phone.png in Resources */ = {isa = PBXBuildFile; fileRef = 73815FD51C4F24F4008F1BC2 /* phone.png */; };
		7383635C1BE094CF00F2F542 /* PersonCenterViewController.m in Sources */ = {isa = PBXBuildFile; fileRef = 7383635B1BE094CF00F2F542 /* PersonCenterViewController.m */; };
		738416B91CFD79B500EC7405 /* AVFoundation.framework in Frameworks */ = {isa = PBXBuildFile; fileRef = 738416B81CFD79B500EC7405 /* AVFoundation.framework */; };
		73934D521CBB41F900F892F5 /* UICustomSwitch.m in Sources */ = {isa = PBXBuildFile; fileRef = 73934D511CBB41F900F892F5 /* UICustomSwitch.m */; };
		73934D571CBB478300F892F5 /* icon_1.png in Resources */ = {isa = PBXBuildFile; fileRef = 73934D541CBB478300F892F5 /* icon_1.png */; };
		73934D581CBB478300F892F5 /* icon_2.png in Resources */ = {isa = PBXBuildFile; fileRef = 73934D551CBB478300F892F5 /* icon_2.png */; };
		73934D591CBB478300F892F5 /* icon_3.png in Resources */ = {isa = PBXBuildFile; fileRef = 73934D561CBB478300F892F5 /* icon_3.png */; };
		73934D5B1CBB49E100F892F5 /* back_black@2x.png in Resources */ = {isa = PBXBuildFile; fileRef = 73934D5A1CBB49E100F892F5 /* back_black@2x.png */; };
		73934D5D1CBB4AEC00F892F5 /* shezhi@2x.png in Resources */ = {isa = PBXBuildFile; fileRef = 73934D5C1CBB4AEC00F892F5 /* shezhi@2x.png */; };
		7397295C1C48F5670057C250 /* PersonalDataViewController.m in Sources */ = {isa = PBXBuildFile; fileRef = 7397295B1C48F5670057C250 /* PersonalDataViewController.m */; };
		73997CA81D0569A100681671 /* Toast+UIView.m in Sources */ = {isa = PBXBuildFile; fileRef = 73997CA71D0569A100681671 /* Toast+UIView.m */; settings = {COMPILER_FLAGS = "-fno-objc-arc"; }; };
		739EF3831BE896F000E13F81 /* NewOrderCell.m in Sources */ = {isa = PBXBuildFile; fileRef = 739EF3821BE896F000E13F81 /* NewOrderCell.m */; };
		739EF3861BE8974F00E13F81 /* DeliveryingCell.m in Sources */ = {isa = PBXBuildFile; fileRef = 739EF3851BE8974F00E13F81 /* DeliveryingCell.m */; };
		739EF3891BE8976A00E13F81 /* DeliveriedCell.m in Sources */ = {isa = PBXBuildFile; fileRef = 739EF3881BE8976A00E13F81 /* DeliveriedCell.m */; };
		739EF38C1BE8978E00E13F81 /* ShopView.m in Sources */ = {isa = PBXBuildFile; fileRef = 739EF38B1BE8978E00E13F81 /* ShopView.m */; };
		739EF38F1BE897B900E13F81 /* CustomerView.m in Sources */ = {isa = PBXBuildFile; fileRef = 739EF38E1BE897B900E13F81 /* CustomerView.m */; };
		739EF3921BE897D200E13F81 /* TotlePriceView.m in Sources */ = {isa = PBXBuildFile; fileRef = 739EF3911BE897D200E13F81 /* TotlePriceView.m */; };
		73AABF3E1D1B863E00210AB3 /* orderDetailspopView.m in Sources */ = {isa = PBXBuildFile; fileRef = 73AABF3D1D1B863E00210AB3 /* orderDetailspopView.m */; };
		73AABF441D1B86DB00210AB3 /* customicon.png in Resources */ = {isa = PBXBuildFile; fileRef = 73AABF3F1D1B86DB00210AB3 /* customicon.png */; };
		73AABF451D1B86DB00210AB3 /* customPhoneicon.png in Resources */ = {isa = PBXBuildFile; fileRef = 73AABF401D1B86DB00210AB3 /* customPhoneicon.png */; };
		73AABF461D1B86DB00210AB3 /* orderDertailsicon.png in Resources */ = {isa = PBXBuildFile; fileRef = 73AABF411D1B86DB00210AB3 /* orderDertailsicon.png */; };
		73AABF471D1B86DB00210AB3 /* shopicon.png in Resources */ = {isa = PBXBuildFile; fileRef = 73AABF421D1B86DB00210AB3 /* shopicon.png */; };
		73AABF481D1B86DB00210AB3 /* shopPhoneicon4.png in Resources */ = {isa = PBXBuildFile; fileRef = 73AABF431D1B86DB00210AB3 /* shopPhoneicon4.png */; };
		73AABF4A1D1B879C00210AB3 /* orderDetailspopView.xib in Resources */ = {isa = PBXBuildFile; fileRef = 73AABF491D1B879C00210AB3 /* orderDetailspopView.xib */; };
		73AF18151D1A7B75003FCBA6 /* ScrollLabelView.m in Sources */ = {isa = PBXBuildFile; fileRef = 73AF18141D1A7B75003FCBA6 /* ScrollLabelView.m */; };
		73AF18171D1A86F3003FCBA6 /* loadFailed.png in Resources */ = {isa = PBXBuildFile; fileRef = 73AF18161D1A86F3003FCBA6 /* loadFailed.png */; };
		73AF181A1D1A8979003FCBA6 /* todayMoney.png in Resources */ = {isa = PBXBuildFile; fileRef = 73AF18181D1A8979003FCBA6 /* todayMoney.png */; };
		73AF181B1D1A8979003FCBA6 /* totoaMonry.png in Resources */ = {isa = PBXBuildFile; fileRef = 73AF18191D1A8979003FCBA6 /* totoaMonry.png */; };
		73CCA3D31BE20CFB0051BDFE /* ChangePasswordViewController.m in Sources */ = {isa = PBXBuildFile; fileRef = 73CCA3D21BE20CFB0051BDFE /* ChangePasswordViewController.m */; };
		73CCA3D61BE211310051BDFE /* PasswordVIewHelpView.m in Sources */ = {isa = PBXBuildFile; fileRef = 73CCA3D51BE211310051BDFE /* PasswordVIewHelpView.m */; };
		73F99F981CFFDA5A00B36C5A /* positionIcon.png in Resources */ = {isa = PBXBuildFile; fileRef = 73F99F971CFFDA5A00B36C5A /* positionIcon.png */; };
		73FD83121CC5DD5800868A8A /* defaultaddress.png in Resources */ = {isa = PBXBuildFile; fileRef = 73FD83101CC5DD5800868A8A /* defaultaddress.png */; };
		B3558747461A64B44E6FDB9B /* libPods.a in Frameworks */ = {isa = PBXBuildFile; fileRef = 42EC1EC24A3BF47F227F8162 /* libPods.a */; };
/* End PBXBuildFile section */

/* Begin PBXContainerItemProxy section */
		735AB38B1BD9FA9200075477 /* PBXContainerItemProxy */ = {
			isa = PBXContainerItemProxy;
			containerPortal = 735AB36F1BD9FA9200075477 /* Project object */;
			proxyType = 1;
			remoteGlobalIDString = 735AB3761BD9FA9200075477;
			remoteInfo = Delivery;
		};
		735AB3961BD9FA9200075477 /* PBXContainerItemProxy */ = {
			isa = PBXContainerItemProxy;
			containerPortal = 735AB36F1BD9FA9200075477 /* Project object */;
			proxyType = 1;
			remoteGlobalIDString = 735AB3761BD9FA9200075477;
			remoteInfo = Delivery;
		};
/* End PBXContainerItemProxy section */

/* Begin PBXFileReference section */
		21577E8C685630529905863D /* Pods.release.xcconfig */ = {isa = PBXFileReference; includeInIndex = 1; lastKnownFileType = text.xcconfig; name = Pods.release.xcconfig; path = "Pods/Target Support Files/Pods/Pods.release.xcconfig"; sourceTree = "<group>"; };
		42EC1EC24A3BF47F227F8162 /* libPods.a */ = {isa = PBXFileReference; explicitFileType = archive.ar; includeInIndex = 0; path = libPods.a; sourceTree = BUILT_PRODUCTS_DIR; };
		5894D001A122085DAECA8784 /* Pods.debug.xcconfig */ = {isa = PBXFileReference; includeInIndex = 1; lastKnownFileType = text.xcconfig; name = Pods.debug.xcconfig; path = "Pods/Target Support Files/Pods/Pods.debug.xcconfig"; sourceTree = "<group>"; };
		73074F201D1108C10040060A /* sound.mp3 */ = {isa = PBXFileReference; lastKnownFileType = audio.mp3; path = sound.mp3; sourceTree = "<group>"; };
		730820FB1D02CE6100ACE5C6 /* AMapSearchKit.framework */ = {isa = PBXFileReference; lastKnownFileType = wrapper.framework; path = AMapSearchKit.framework; sourceTree = "<group>"; };
		730820FF1D02CE6B00ACE5C6 /* AMapNaviKit.framework */ = {isa = PBXFileReference; lastKnownFileType = wrapper.framework; path = AMapNaviKit.framework; sourceTree = "<group>"; };
		730821011D02CF5A00ACE5C6 /* AddressBook.framework */ = {isa = PBXFileReference; lastKnownFileType = wrapper.framework; name = AddressBook.framework; path = System/Library/Frameworks/AddressBook.framework; sourceTree = SDKROOT; };
		730821031D02D06400ACE5C6 /* AMapNavi.bundle */ = {isa = PBXFileReference; lastKnownFileType = "wrapper.plug-in"; name = AMapNavi.bundle; path = AMapNaviKit.framework/Versions/1.5.0.3533b29/Resources/AMapNavi.bundle; sourceTree = "<group>"; };
		730821041D02D06400ACE5C6 /* AMap.bundle */ = {isa = PBXFileReference; lastKnownFileType = "wrapper.plug-in"; name = AMap.bundle; path = AMapNaviKit.framework/Versions/1.5.0.3533b29/Resources/AMap.bundle; sourceTree = "<group>"; };
		730A3FC51BEB1E4100083906 /* location_order.png */ = {isa = PBXFileReference; lastKnownFileType = image.png; path = location_order.png; sourceTree = "<group>"; };
		730B7F701CDADA49003D6096 /* GCDAsyncUdpSocket.h */ = {isa = PBXFileReference; fileEncoding = 4; lastKnownFileType = sourcecode.c.h; path = GCDAsyncUdpSocket.h; sourceTree = "<group>"; };
		730B7F711CDADA49003D6096 /* GCDAsyncUdpSocket.m */ = {isa = PBXFileReference; fileEncoding = 4; lastKnownFileType = sourcecode.c.objc; path = GCDAsyncUdpSocket.m; sourceTree = "<group>"; };
		730B7F721CDADA49003D6096 /* UserLocation.h */ = {isa = PBXFileReference; fileEncoding = 4; lastKnownFileType = sourcecode.c.h; path = UserLocation.h; sourceTree = "<group>"; };
		730B7F731CDADA49003D6096 /* UserLocation.m */ = {isa = PBXFileReference; fileEncoding = 4; lastKnownFileType = sourcecode.c.objc; path = UserLocation.m; sourceTree = "<group>"; };
		730B7F791CDB3512003D6096 /* icon_hua.png */ = {isa = PBXFileReference; lastKnownFileType = image.png; path = icon_hua.png; sourceTree = "<group>"; };
		7310838F1D153A0000522835 /* deliverySound.caf */ = {isa = PBXFileReference; lastKnownFileType = file; path = deliverySound.caf; sourceTree = "<group>"; };
		731D430B1D050F3A005C8817 /* AMapSearchm.h */ = {isa = PBXFileReference; fileEncoding = 4; lastKnownFileType = sourcecode.c.h; path = AMapSearchm.h; sourceTree = "<group>"; };
		731D430C1D050F3A005C8817 /* AMapSearchm.m */ = {isa = PBXFileReference; fileEncoding = 4; lastKnownFileType = sourcecode.c.objc; path = AMapSearchm.m; sourceTree = "<group>"; };
		731D430F1D051FCB005C8817 /* NavPointAnnotation.h */ = {isa = PBXFileReference; fileEncoding = 4; lastKnownFileType = sourcecode.c.h; path = NavPointAnnotation.h; sourceTree = "<group>"; };
		731D43101D051FCB005C8817 /* NavPointAnnotation.m */ = {isa = PBXFileReference; fileEncoding = 4; lastKnownFileType = sourcecode.c.objc; path = NavPointAnnotation.m; sourceTree = "<group>"; };
		732CFEED1CFC1849000B19DD /* jpush-ios-2.1.7.a */ = {isa = PBXFileReference; lastKnownFileType = archive.ar; path = "jpush-ios-2.1.7.a"; sourceTree = "<group>"; };
		732CFEEE1CFC1849000B19DD /* JPUSHService.h */ = {isa = PBXFileReference; fileEncoding = 4; lastKnownFileType = sourcecode.c.h; path = JPUSHService.h; sourceTree = "<group>"; };
		733090621D17DF1B00339847 /* SDBManager.h */ = {isa = PBXFileReference; fileEncoding = 4; lastKnownFileType = sourcecode.c.h; path = SDBManager.h; sourceTree = "<group>"; };
		733090631D17DF1B00339847 /* SDBManager.m */ = {isa = PBXFileReference; fileEncoding = 4; lastKnownFileType = sourcecode.c.objc; path = SDBManager.m; sourceTree = "<group>"; };
		733090651D17DF7000339847 /* PositionDB.h */ = {isa = PBXFileReference; fileEncoding = 4; lastKnownFileType = sourcecode.c.h; path = PositionDB.h; sourceTree = "<group>"; };
		733090661D17DF7000339847 /* PositionDB.m */ = {isa = PBXFileReference; fileEncoding = 4; lastKnownFileType = sourcecode.c.objc; path = PositionDB.m; sourceTree = "<group>"; };
		733090681D17DF8B00339847 /* PositionModel.h */ = {isa = PBXFileReference; fileEncoding = 4; lastKnownFileType = sourcecode.c.h; path = PositionModel.h; sourceTree = "<group>"; };
		733090691D17DF8B00339847 /* PositionModel.m */ = {isa = PBXFileReference; fileEncoding = 4; lastKnownFileType = sourcecode.c.objc; path = PositionModel.m; sourceTree = "<group>"; };
		7330906C1D17E00400339847 /* FMDatabase.h */ = {isa = PBXFileReference; fileEncoding = 4; lastKnownFileType = sourcecode.c.h; path = FMDatabase.h; sourceTree = "<group>"; };
		7330906D1D17E00400339847 /* FMDatabase.m */ = {isa = PBXFileReference; fileEncoding = 4; lastKnownFileType = sourcecode.c.objc; path = FMDatabase.m; sourceTree = "<group>"; };
		7330906E1D17E00400339847 /* FMDatabaseAdditions.h */ = {isa = PBXFileReference; fileEncoding = 4; lastKnownFileType = sourcecode.c.h; path = FMDatabaseAdditions.h; sourceTree = "<group>"; };
		7330906F1D17E00400339847 /* FMDatabaseAdditions.m */ = {isa = PBXFileReference; fileEncoding = 4; lastKnownFileType = sourcecode.c.objc; path = FMDatabaseAdditions.m; sourceTree = "<group>"; };
		733090701D17E00400339847 /* FMDatabasePool.h */ = {isa = PBXFileReference; fileEncoding = 4; lastKnownFileType = sourcecode.c.h; path = FMDatabasePool.h; sourceTree = "<group>"; };
		733090711D17E00400339847 /* FMDatabasePool.m */ = {isa = PBXFileReference; fileEncoding = 4; lastKnownFileType = sourcecode.c.objc; path = FMDatabasePool.m; sourceTree = "<group>"; };
		733090721D17E00400339847 /* FMDatabaseQueue.h */ = {isa = PBXFileReference; fileEncoding = 4; lastKnownFileType = sourcecode.c.h; path = FMDatabaseQueue.h; sourceTree = "<group>"; };
		733090731D17E00400339847 /* FMDatabaseQueue.m */ = {isa = PBXFileReference; fileEncoding = 4; lastKnownFileType = sourcecode.c.objc; path = FMDatabaseQueue.m; sourceTree = "<group>"; };
		733090741D17E00400339847 /* FMDB.h */ = {isa = PBXFileReference; fileEncoding = 4; lastKnownFileType = sourcecode.c.h; path = FMDB.h; sourceTree = "<group>"; };
		733090751D17E00400339847 /* FMResultSet.h */ = {isa = PBXFileReference; fileEncoding = 4; lastKnownFileType = sourcecode.c.h; path = FMResultSet.h; sourceTree = "<group>"; };
		733090761D17E00400339847 /* FMResultSet.m */ = {isa = PBXFileReference; fileEncoding = 4; lastKnownFileType = sourcecode.c.objc; path = FMResultSet.m; sourceTree = "<group>"; };
		733168A51BDB165E00D81EC2 /* AllHeader.pch */ = {isa = PBXFileReference; lastKnownFileType = sourcecode.c.h; path = AllHeader.pch; sourceTree = "<group>"; };
		733168A61BDB16E900D81EC2 /* UIViewAdditions.m */ = {isa = PBXFileReference; fileEncoding = 4; lastKnownFileType = sourcecode.c.objc; path = UIViewAdditions.m; sourceTree = "<group>"; };
		733168A71BDB16E900D81EC2 /* UIViewAdditions.h */ = {isa = PBXFileReference; fileEncoding = 4; lastKnownFileType = sourcecode.c.h; path = UIViewAdditions.h; sourceTree = "<group>"; };
		733168AA1BDB28ED00D81EC2 /* PHOTO.png */ = {isa = PBXFileReference; lastKnownFileType = image.png; path = PHOTO.png; sourceTree = "<group>"; };
		733191AE1CFD80E8008FFD9E /* sound1.aif */ = {isa = PBXFileReference; lastKnownFileType = file; path = sound1.aif; sourceTree = "<group>"; };
		7333D5D91CDC921600584755 /* dianhua.png */ = {isa = PBXFileReference; lastKnownFileType = image.png; path = dianhua.png; sourceTree = "<group>"; };
		734287141C4621480093D133 /* arrowright.png */ = {isa = PBXFileReference; lastKnownFileType = image.png; path = arrowright.png; sourceTree = "<group>"; };
		734287161C4623D90093D133 /* LoginViewController.xib */ = {isa = PBXFileReference; fileEncoding = 4; lastKnownFileType = file.xib; path = LoginViewController.xib; sourceTree = "<group>"; };
		734287181C4623F80093D133 /* LoginViewController.h */ = {isa = PBXFileReference; fileEncoding = 4; lastKnownFileType = sourcecode.c.h; path = LoginViewController.h; sourceTree = "<group>"; };
		734287191C4623F80093D133 /* LoginViewController.m */ = {isa = PBXFileReference; fileEncoding = 4; lastKnownFileType = sourcecode.c.objc; path = LoginViewController.m; sourceTree = "<group>"; };
		7342871B1C4628AF0093D133 /* password_hide.png */ = {isa = PBXFileReference; lastKnownFileType = image.png; path = password_hide.png; sourceTree = "<group>"; };
		7342871C1C4628AF0093D133 /* password_show.png */ = {isa = PBXFileReference; lastKnownFileType = image.png; path = password_show.png; sourceTree = "<group>"; };
		7342871F1C46324F0093D133 /* 1px.png */ = {isa = PBXFileReference; lastKnownFileType = image.png; path = 1px.png; sourceTree = "<group>"; };
		734287211C463C8C0093D133 /* HTTPPost.h */ = {isa = PBXFileReference; fileEncoding = 4; lastKnownFileType = sourcecode.c.h; path = HTTPPost.h; sourceTree = "<group>"; };
		734287221C463C8C0093D133 /* HTTPPost.m */ = {isa = PBXFileReference; fileEncoding = 4; lastKnownFileType = sourcecode.c.objc; path = HTTPPost.m; sourceTree = "<group>"; };
		734287241C464C0D0093D133 /* NSString+MD5.h */ = {isa = PBXFileReference; fileEncoding = 4; lastKnownFileType = sourcecode.c.h; path = "NSString+MD5.h"; sourceTree = "<group>"; };
		734287251C464C0D0093D133 /* NSString+MD5.m */ = {isa = PBXFileReference; fileEncoding = 4; lastKnownFileType = sourcecode.c.objc; path = "NSString+MD5.m"; sourceTree = "<group>"; };
		734287271C464F440093D133 /* UserInfo.h */ = {isa = PBXFileReference; fileEncoding = 4; lastKnownFileType = sourcecode.c.h; path = UserInfo.h; sourceTree = "<group>"; };
		734287281C464F440093D133 /* UserInfo.m */ = {isa = PBXFileReference; fileEncoding = 4; lastKnownFileType = sourcecode.c.objc; path = UserInfo.m; sourceTree = "<group>"; };
		7342872E1C46518D0093D133 /* CFNetwork.framework */ = {isa = PBXFileReference; lastKnownFileType = wrapper.framework; name = CFNetwork.framework; path = System/Library/Frameworks/CFNetwork.framework; sourceTree = SDKROOT; };
		734287301C4651950093D133 /* CoreFoundation.framework */ = {isa = PBXFileReference; lastKnownFileType = wrapper.framework; name = CoreFoundation.framework; path = System/Library/Frameworks/CoreFoundation.framework; sourceTree = SDKROOT; };
		734287321C4651A00093D133 /* CoreTelephony.framework */ = {isa = PBXFileReference; lastKnownFileType = wrapper.framework; name = CoreTelephony.framework; path = System/Library/Frameworks/CoreTelephony.framework; sourceTree = SDKROOT; };
		734287341C4651B10093D133 /* SystemConfiguration.framework */ = {isa = PBXFileReference; lastKnownFileType = wrapper.framework; name = SystemConfiguration.framework; path = System/Library/Frameworks/SystemConfiguration.framework; sourceTree = SDKROOT; };
		734287361C4651BB0093D133 /* CoreGraphics.framework */ = {isa = PBXFileReference; lastKnownFileType = wrapper.framework; name = CoreGraphics.framework; path = System/Library/Frameworks/CoreGraphics.framework; sourceTree = SDKROOT; };
		734287381C4651C70093D133 /* Foundation.framework */ = {isa = PBXFileReference; lastKnownFileType = wrapper.framework; name = Foundation.framework; path = System/Library/Frameworks/Foundation.framework; sourceTree = SDKROOT; };
		7342873A1C4651D20093D133 /* UIKit.framework */ = {isa = PBXFileReference; lastKnownFileType = wrapper.framework; name = UIKit.framework; path = System/Library/Frameworks/UIKit.framework; sourceTree = SDKROOT; };
		7342873C1C4651DC0093D133 /* Security.framework */ = {isa = PBXFileReference; lastKnownFileType = wrapper.framework; name = Security.framework; path = System/Library/Frameworks/Security.framework; sourceTree = SDKROOT; };
		7342873E1C4651EE0093D133 /* libz.tbd */ = {isa = PBXFileReference; lastKnownFileType = "sourcecode.text-based-dylib-definition"; name = libz.tbd; path = usr/lib/libz.tbd; sourceTree = SDKROOT; };
		734E53191D06CCEA00F68CA5 /* iflyMSC.framework */ = {isa = PBXFileReference; lastKnownFileType = wrapper.framework; path = iflyMSC.framework; sourceTree = "<group>"; };
		734E531B1D06CD3C00F68CA5 /* libc++.tbd */ = {isa = PBXFileReference; lastKnownFileType = "sourcecode.text-based-dylib-definition"; name = "libc++.tbd"; path = "usr/lib/libc++.tbd"; sourceTree = SDKROOT; };
		735AB3771BD9FA9200075477 /* Delivery.app */ = {isa = PBXFileReference; explicitFileType = wrapper.application; includeInIndex = 0; path = Delivery.app; sourceTree = BUILT_PRODUCTS_DIR; };
		735AB37B1BD9FA9200075477 /* main.m */ = {isa = PBXFileReference; lastKnownFileType = sourcecode.c.objc; path = main.m; sourceTree = "<group>"; };
		735AB37D1BD9FA9200075477 /* AppDelegate.h */ = {isa = PBXFileReference; lastKnownFileType = sourcecode.c.h; path = AppDelegate.h; sourceTree = "<group>"; };
		735AB37E1BD9FA9200075477 /* AppDelegate.m */ = {isa = PBXFileReference; lastKnownFileType = sourcecode.c.objc; path = AppDelegate.m; sourceTree = "<group>"; };
		735AB3801BD9FA9200075477 /* Assets.xcassets */ = {isa = PBXFileReference; lastKnownFileType = folder.assetcatalog; path = Assets.xcassets; sourceTree = "<group>"; };
		735AB3831BD9FA9200075477 /* Base */ = {isa = PBXFileReference; lastKnownFileType = file.storyboard; name = Base; path = Base.lproj/LaunchScreen.storyboard; sourceTree = "<group>"; };
		735AB3851BD9FA9200075477 /* Info.plist */ = {isa = PBXFileReference; lastKnownFileType = text.plist.xml; path = Info.plist; sourceTree = "<group>"; };
		735AB38A1BD9FA9200075477 /* DeliveryTests.xctest */ = {isa = PBXFileReference; explicitFileType = wrapper.cfbundle; includeInIndex = 0; path = DeliveryTests.xctest; sourceTree = BUILT_PRODUCTS_DIR; };
		735AB38E1BD9FA9200075477 /* DeliveryTests.m */ = {isa = PBXFileReference; lastKnownFileType = sourcecode.c.objc; path = DeliveryTests.m; sourceTree = "<group>"; };
		735AB3901BD9FA9200075477 /* Info.plist */ = {isa = PBXFileReference; lastKnownFileType = text.plist.xml; path = Info.plist; sourceTree = "<group>"; };
		735AB3951BD9FA9200075477 /* DeliveryUITests.xctest */ = {isa = PBXFileReference; explicitFileType = wrapper.cfbundle; includeInIndex = 0; path = DeliveryUITests.xctest; sourceTree = BUILT_PRODUCTS_DIR; };
		735AB3991BD9FA9200075477 /* DeliveryUITests.m */ = {isa = PBXFileReference; lastKnownFileType = sourcecode.c.objc; path = DeliveryUITests.m; sourceTree = "<group>"; };
		735AB39B1BD9FA9200075477 /* Info.plist */ = {isa = PBXFileReference; lastKnownFileType = text.plist.xml; path = Info.plist; sourceTree = "<group>"; };
		735AB3AF1BDA306800075477 /* OrderViewController.h */ = {isa = PBXFileReference; fileEncoding = 4; lastKnownFileType = sourcecode.c.h; path = OrderViewController.h; sourceTree = "<group>"; };
		735AB3B01BDA306800075477 /* OrderViewController.m */ = {isa = PBXFileReference; fileEncoding = 4; lastKnownFileType = sourcecode.c.objc; path = OrderViewController.m; sourceTree = "<group>"; };
		735AB3BA1BDA30FB00075477 /* UserCenterViewController.h */ = {isa = PBXFileReference; fileEncoding = 4; lastKnownFileType = sourcecode.c.h; path = UserCenterViewController.h; sourceTree = "<group>"; };
		735AB3BB1BDA30FB00075477 /* UserCenterViewController.m */ = {isa = PBXFileReference; fileEncoding = 4; lastKnownFileType = sourcecode.c.objc; path = UserCenterViewController.m; sourceTree = "<group>"; };
		735AB3BD1BDA320800075477 /* OtherView.h */ = {isa = PBXFileReference; fileEncoding = 4; lastKnownFileType = sourcecode.c.h; path = OtherView.h; sourceTree = "<group>"; };
		735AB3BE1BDA320800075477 /* OtherView.m */ = {isa = PBXFileReference; fileEncoding = 4; lastKnownFileType = sourcecode.c.objc; path = OtherView.m; sourceTree = "<group>"; };
		736587291C47664F00DFB6AE /* PushConfig.plist */ = {isa = PBXFileReference; fileEncoding = 4; lastKnownFileType = text.plist.xml; path = PushConfig.plist; sourceTree = "<group>"; };
		7365872B1C476EC300DFB6AE /* JSONKit.h */ = {isa = PBXFileReference; fileEncoding = 4; lastKnownFileType = sourcecode.c.h; name = JSONKit.h; path = "../../微生活_配送员/未命名文件夹/JSONKit.h"; sourceTree = "<group>"; };
		7365872C1C476EC300DFB6AE /* JSONKit.m */ = {isa = PBXFileReference; fileEncoding = 4; lastKnownFileType = sourcecode.c.objc; name = JSONKit.m; path = "../../微生活_配送员/未命名文件夹/JSONKit.m"; sourceTree = "<group>"; };
		7365872E1C4778A500DFB6AE /* NSDictionary+Unicode.h */ = {isa = PBXFileReference; fileEncoding = 4; lastKnownFileType = sourcecode.c.h; path = "NSDictionary+Unicode.h"; sourceTree = "<group>"; };
		7365872F1C4778A500DFB6AE /* NSDictionary+Unicode.m */ = {isa = PBXFileReference; fileEncoding = 4; lastKnownFileType = sourcecode.c.objc; path = "NSDictionary+Unicode.m"; sourceTree = "<group>"; };
		736587311C47792B00DFB6AE /* JRSwizzle.h */ = {isa = PBXFileReference; fileEncoding = 4; lastKnownFileType = sourcecode.c.h; path = JRSwizzle.h; sourceTree = "<group>"; };
		736587321C47792B00DFB6AE /* JRSwizzle.m */ = {isa = PBXFileReference; fileEncoding = 4; lastKnownFileType = sourcecode.c.objc; path = JRSwizzle.m; sourceTree = "<group>"; };
		736587341C477FAF00DFB6AE /* AFClient.h */ = {isa = PBXFileReference; fileEncoding = 4; lastKnownFileType = sourcecode.c.h; path = AFClient.h; sourceTree = "<group>"; };
		736587351C477FAF00DFB6AE /* AFClient.m */ = {isa = PBXFileReference; fileEncoding = 4; lastKnownFileType = sourcecode.c.objc; path = AFClient.m; sourceTree = "<group>"; };
		736A12011C4DDB2100549177 /* Images.xcassets */ = {isa = PBXFileReference; lastKnownFileType = folder.assetcatalog; path = Images.xcassets; sourceTree = "<group>"; };
		736A12041C4DFCDB00549177 /* BaiduMapAPI_Base.framework */ = {isa = PBXFileReference; lastKnownFileType = wrapper.framework; path = BaiduMapAPI_Base.framework; sourceTree = "<group>"; };
		736A12051C4DFCDB00549177 /* BaiduMapAPI_Cloud.framework */ = {isa = PBXFileReference; lastKnownFileType = wrapper.framework; path = BaiduMapAPI_Cloud.framework; sourceTree = "<group>"; };
		736A12061C4DFCDB00549177 /* BaiduMapAPI_Location.framework */ = {isa = PBXFileReference; lastKnownFileType = wrapper.framework; path = BaiduMapAPI_Location.framework; sourceTree = "<group>"; };
		736A12071C4DFCDB00549177 /* BaiduMapAPI_Map.framework */ = {isa = PBXFileReference; lastKnownFileType = wrapper.framework; path = BaiduMapAPI_Map.framework; sourceTree = "<group>"; };
		736A12081C4DFCDB00549177 /* BaiduMapAPI_Radar.framework */ = {isa = PBXFileReference; lastKnownFileType = wrapper.framework; path = BaiduMapAPI_Radar.framework; sourceTree = "<group>"; };
		736A12091C4DFCDB00549177 /* BaiduMapAPI_Search.framework */ = {isa = PBXFileReference; lastKnownFileType = wrapper.framework; path = BaiduMapAPI_Search.framework; sourceTree = "<group>"; };
		736A120A1C4DFCDB00549177 /* BaiduMapAPI_Utils.framework */ = {isa = PBXFileReference; lastKnownFileType = wrapper.framework; path = BaiduMapAPI_Utils.framework; sourceTree = "<group>"; };
		736A12121C4DFFD300549177 /* Mapcontroller.h */ = {isa = PBXFileReference; fileEncoding = 4; lastKnownFileType = sourcecode.c.h; path = Mapcontroller.h; sourceTree = "<group>"; };
		736A12131C4DFFD300549177 /* Mapcontroller.mm */ = {isa = PBXFileReference; fileEncoding = 4; lastKnownFileType = sourcecode.cpp.objcpp; path = Mapcontroller.mm; sourceTree = "<group>"; };
		736A12151C4E000800549177 /* CoreLocation.framework */ = {isa = PBXFileReference; lastKnownFileType = wrapper.framework; name = CoreLocation.framework; path = System/Library/Frameworks/CoreLocation.framework; sourceTree = SDKROOT; };
		736A12171C4E001B00549177 /* QuartzCore.framework */ = {isa = PBXFileReference; lastKnownFileType = wrapper.framework; name = QuartzCore.framework; path = System/Library/Frameworks/QuartzCore.framework; sourceTree = SDKROOT; };
		736A12191C4E002500549177 /* OpenGLES.framework */ = {isa = PBXFileReference; lastKnownFileType = wrapper.framework; name = OpenGLES.framework; path = System/Library/Frameworks/OpenGLES.framework; sourceTree = SDKROOT; };
		736A121B1C4E005D00549177 /* libsqlite3.0.tbd */ = {isa = PBXFileReference; lastKnownFileType = "sourcecode.text-based-dylib-definition"; name = libsqlite3.0.tbd; path = usr/lib/libsqlite3.0.tbd; sourceTree = SDKROOT; };
		736A121D1C4E007600549177 /* libstdc++.6.0.9.tbd */ = {isa = PBXFileReference; lastKnownFileType = "sourcecode.text-based-dylib-definition"; name = "libstdc++.6.0.9.tbd"; path = "usr/lib/libstdc++.6.0.9.tbd"; sourceTree = SDKROOT; };
		736A121F1C4E011B00549177 /* mapapi.bundle */ = {isa = PBXFileReference; lastKnownFileType = "wrapper.plug-in"; name = mapapi.bundle; path = BaiduMapAPI_Map.framework/Resources/mapapi.bundle; sourceTree = "<group>"; };
		736A27D91CC878C400D15CFC /* MealDetailsView.h */ = {isa = PBXFileReference; fileEncoding = 4; lastKnownFileType = sourcecode.c.h; path = MealDetailsView.h; sourceTree = "<group>"; };
		736A27DA1CC878C400D15CFC /* MealDetailsView.m */ = {isa = PBXFileReference; fileEncoding = 4; lastKnownFileType = sourcecode.c.objc; path = MealDetailsView.m; sourceTree = "<group>"; };
		73711F441C45EC9300D111A8 /* setting_normal.png */ = {isa = PBXFileReference; lastKnownFileType = image.png; path = setting_normal.png; sourceTree = "<group>"; };
		73731C9D1C98F124009F870D /* AFAppDotNetAPIClient.h */ = {isa = PBXFileReference; fileEncoding = 4; lastKnownFileType = sourcecode.c.h; path = AFAppDotNetAPIClient.h; sourceTree = "<group>"; };
		73731C9E1C98F124009F870D /* AFAppDotNetAPIClient.m */ = {isa = PBXFileReference; fileEncoding = 4; lastKnownFileType = sourcecode.c.objc; path = AFAppDotNetAPIClient.m; sourceTree = "<group>"; };
		7374587A1C508AA500C37760 /* Icon-80.png */ = {isa = PBXFileReference; lastKnownFileType = image.png; path = "Icon-80.png"; sourceTree = "<group>"; };
		7374C00A1C8D0D7500A30CF8 /* TransportLocation.h */ = {isa = PBXFileReference; fileEncoding = 4; lastKnownFileType = sourcecode.c.h; path = TransportLocation.h; sourceTree = "<group>"; };
		7374C00B1C8D0D7500A30CF8 /* TransportLocation.m */ = {isa = PBXFileReference; fileEncoding = 4; lastKnownFileType = sourcecode.c.objc; path = TransportLocation.m; sourceTree = "<group>"; };
		7374C0111C8D143500A30CF8 /* CLLocation+YCLocation.h */ = {isa = PBXFileReference; fileEncoding = 4; lastKnownFileType = sourcecode.c.h; path = "CLLocation+YCLocation.h"; sourceTree = "<group>"; };
		7374C0121C8D143500A30CF8 /* CLLocation+YCLocation.m */ = {isa = PBXFileReference; fileEncoding = 4; lastKnownFileType = sourcecode.c.objc; path = "CLLocation+YCLocation.m"; sourceTree = "<group>"; };
		7374C0141C8D4E4B00A30CF8 /* CCLocationManager.h */ = {isa = PBXFileReference; fileEncoding = 4; lastKnownFileType = sourcecode.c.h; path = CCLocationManager.h; sourceTree = "<group>"; };
		7374C0151C8D4E4B00A30CF8 /* CCLocationManager.m */ = {isa = PBXFileReference; fileEncoding = 4; lastKnownFileType = sourcecode.c.objc; path = CCLocationManager.m; sourceTree = "<group>"; };
		7374C0171C8D5E5800A30CF8 /* ViewController.h */ = {isa = PBXFileReference; fileEncoding = 4; lastKnownFileType = sourcecode.c.h; path = ViewController.h; sourceTree = "<group>"; };
		7374C0181C8D5E5800A30CF8 /* ViewController.m */ = {isa = PBXFileReference; fileEncoding = 4; lastKnownFileType = sourcecode.c.objc; path = ViewController.m; sourceTree = "<group>"; };
		73792F4F1C4C754A00E4BD58 /* sound.caf */ = {isa = PBXFileReference; lastKnownFileType = file; path = sound.caf; sourceTree = "<group>"; };
		73792F511C4C763200E4BD58 /* AudioToolbox.framework */ = {isa = PBXFileReference; lastKnownFileType = wrapper.framework; name = AudioToolbox.framework; path = System/Library/Frameworks/AudioToolbox.framework; sourceTree = SDKROOT; };
		73792F531C4C8B9100E4BD58 /* setting.png */ = {isa = PBXFileReference; lastKnownFileType = image.png; path = setting.png; sourceTree = "<group>"; };
		73792F551C4C8C8E00E4BD58 /* setting@2x.png */ = {isa = PBXFileReference; lastKnownFileType = image.png; path = "setting@2x.png"; sourceTree = "<group>"; };
		73792F571C4C8EA600E4BD58 /* remark_order.png */ = {isa = PBXFileReference; lastKnownFileType = image.png; path = remark_order.png; sourceTree = "<group>"; };
		737A3E5B1C43729900949457 /* MealPriceView.h */ = {isa = PBXFileReference; fileEncoding = 4; lastKnownFileType = sourcecode.c.h; path = MealPriceView.h; sourceTree = "<group>"; };
		737A3E5C1C43729900949457 /* MealPriceView.m */ = {isa = PBXFileReference; fileEncoding = 4; lastKnownFileType = sourcecode.c.objc; path = MealPriceView.m; sourceTree = "<group>"; };
		737A3E5E1C43758B00949457 /* Meal.h */ = {isa = PBXFileReference; fileEncoding = 4; lastKnownFileType = sourcecode.c.h; path = Meal.h; sourceTree = "<group>"; };
		737A3E5F1C43758B00949457 /* Meal.m */ = {isa = PBXFileReference; fileEncoding = 4; lastKnownFileType = sourcecode.c.objc; path = Meal.m; sourceTree = "<group>"; };
		737A3E611C43778700949457 /* action_food_left.png */ = {isa = PBXFileReference; lastKnownFileType = image.png; path = action_food_left.png; sourceTree = "<group>"; };
		737A3E631C43789F00949457 /* NewOrderModel.h */ = {isa = PBXFileReference; fileEncoding = 4; lastKnownFileType = sourcecode.c.h; path = NewOrderModel.h; sourceTree = "<group>"; };
		737A3E641C43789F00949457 /* NewOrderModel.m */ = {isa = PBXFileReference; fileEncoding = 4; lastKnownFileType = sourcecode.c.objc; path = NewOrderModel.m; sourceTree = "<group>"; };
		737A3E661C4382FD00949457 /* OrderDetailController.h */ = {isa = PBXFileReference; fileEncoding = 4; lastKnownFileType = sourcecode.c.h; path = OrderDetailController.h; sourceTree = "<group>"; };
		737A3E671C4382FD00949457 /* OrderDetailController.m */ = {isa = PBXFileReference; fileEncoding = 4; lastKnownFileType = sourcecode.c.objc; path = OrderDetailController.m; sourceTree = "<group>"; };
		737A3E691C43899B00949457 /* OrderMenuVIew.h */ = {isa = PBXFileReference; fileEncoding = 4; lastKnownFileType = sourcecode.c.h; path = OrderMenuVIew.h; sourceTree = "<group>"; };
		737A3E6A1C43899B00949457 /* OrderMenuVIew.m */ = {isa = PBXFileReference; fileEncoding = 4; lastKnownFileType = sourcecode.c.objc; path = OrderMenuVIew.m; sourceTree = "<group>"; };
		737BE8751BDF1558002DD240 /* back@2x.png */ = {isa = PBXFileReference; lastKnownFileType = image.png; path = "back@2x.png"; sourceTree = "<group>"; };
		737BE8771BDF17B1002DD240 /* CenterViewController.h */ = {isa = PBXFileReference; fileEncoding = 4; lastKnownFileType = sourcecode.c.h; path = CenterViewController.h; sourceTree = "<group>"; };
		737BE8781BDF17B1002DD240 /* CenterViewController.m */ = {isa = PBXFileReference; fileEncoding = 4; lastKnownFileType = sourcecode.c.objc; path = CenterViewController.m; sourceTree = "<group>"; };
		737BE87A1BDF23CB002DD240 /* backImage.jpg */ = {isa = PBXFileReference; lastKnownFileType = image.jpeg; path = backImage.jpg; sourceTree = "<group>"; };
		7380FB0C1CD1E07400D4C602 /* colect_s.png */ = {isa = PBXFileReference; lastKnownFileType = image.png; path = colect_s.png; sourceTree = "<group>"; };
		73815FD51C4F24F4008F1BC2 /* phone.png */ = {isa = PBXFileReference; lastKnownFileType = image.png; path = phone.png; sourceTree = "<group>"; };
		7383635A1BE094CF00F2F542 /* PersonCenterViewController.h */ = {isa = PBXFileReference; fileEncoding = 4; lastKnownFileType = sourcecode.c.h; path = PersonCenterViewController.h; sourceTree = "<group>"; };
		7383635B1BE094CF00F2F542 /* PersonCenterViewController.m */ = {isa = PBXFileReference; fileEncoding = 4; lastKnownFileType = sourcecode.c.objc; path = PersonCenterViewController.m; sourceTree = "<group>"; };
		738416B81CFD79B500EC7405 /* AVFoundation.framework */ = {isa = PBXFileReference; lastKnownFileType = wrapper.framework; name = AVFoundation.framework; path = System/Library/Frameworks/AVFoundation.framework; sourceTree = SDKROOT; };
		73934D501CBB41F900F892F5 /* UICustomSwitch.h */ = {isa = PBXFileReference; fileEncoding = 4; lastKnownFileType = sourcecode.c.h; path = UICustomSwitch.h; sourceTree = "<group>"; };
		73934D511CBB41F900F892F5 /* UICustomSwitch.m */ = {isa = PBXFileReference; fileEncoding = 4; lastKnownFileType = sourcecode.c.objc; path = UICustomSwitch.m; sourceTree = "<group>"; };
		73934D541CBB478300F892F5 /* icon_1.png */ = {isa = PBXFileReference; lastKnownFileType = image.png; path = icon_1.png; sourceTree = "<group>"; };
		73934D551CBB478300F892F5 /* icon_2.png */ = {isa = PBXFileReference; lastKnownFileType = image.png; path = icon_2.png; sourceTree = "<group>"; };
		73934D561CBB478300F892F5 /* icon_3.png */ = {isa = PBXFileReference; lastKnownFileType = image.png; path = icon_3.png; sourceTree = "<group>"; };
		73934D5A1CBB49E100F892F5 /* back_black@2x.png */ = {isa = PBXFileReference; lastKnownFileType = image.png; path = "back_black@2x.png"; sourceTree = "<group>"; };
		73934D5C1CBB4AEC00F892F5 /* shezhi@2x.png */ = {isa = PBXFileReference; lastKnownFileType = image.png; path = "shezhi@2x.png"; sourceTree = "<group>"; };
		7397295A1C48F5670057C250 /* PersonalDataViewController.h */ = {isa = PBXFileReference; fileEncoding = 4; lastKnownFileType = sourcecode.c.h; path = PersonalDataViewController.h; sourceTree = "<group>"; };
		7397295B1C48F5670057C250 /* PersonalDataViewController.m */ = {isa = PBXFileReference; fileEncoding = 4; lastKnownFileType = sourcecode.c.objc; path = PersonalDataViewController.m; sourceTree = "<group>"; };
		73997CA61D0569A100681671 /* Toast+UIView.h */ = {isa = PBXFileReference; fileEncoding = 4; lastKnownFileType = sourcecode.c.h; path = "Toast+UIView.h"; sourceTree = "<group>"; };
		73997CA71D0569A100681671 /* Toast+UIView.m */ = {isa = PBXFileReference; fileEncoding = 4; lastKnownFileType = sourcecode.c.objc; path = "Toast+UIView.m"; sourceTree = "<group>"; };
		739EF3811BE896F000E13F81 /* NewOrderCell.h */ = {isa = PBXFileReference; fileEncoding = 4; lastKnownFileType = sourcecode.c.h; path = NewOrderCell.h; sourceTree = "<group>"; };
		739EF3821BE896F000E13F81 /* NewOrderCell.m */ = {isa = PBXFileReference; fileEncoding = 4; lastKnownFileType = sourcecode.c.objc; path = NewOrderCell.m; sourceTree = "<group>"; };
		739EF3841BE8974F00E13F81 /* DeliveryingCell.h */ = {isa = PBXFileReference; fileEncoding = 4; lastKnownFileType = sourcecode.c.h; path = DeliveryingCell.h; sourceTree = "<group>"; };
		739EF3851BE8974F00E13F81 /* DeliveryingCell.m */ = {isa = PBXFileReference; fileEncoding = 4; lastKnownFileType = sourcecode.c.objc; path = DeliveryingCell.m; sourceTree = "<group>"; };
		739EF3871BE8976A00E13F81 /* DeliveriedCell.h */ = {isa = PBXFileReference; fileEncoding = 4; lastKnownFileType = sourcecode.c.h; path = DeliveriedCell.h; sourceTree = "<group>"; };
		739EF3881BE8976A00E13F81 /* DeliveriedCell.m */ = {isa = PBXFileReference; fileEncoding = 4; lastKnownFileType = sourcecode.c.objc; path = DeliveriedCell.m; sourceTree = "<group>"; };
		739EF38A1BE8978E00E13F81 /* ShopView.h */ = {isa = PBXFileReference; fileEncoding = 4; lastKnownFileType = sourcecode.c.h; path = ShopView.h; sourceTree = "<group>"; };
		739EF38B1BE8978E00E13F81 /* ShopView.m */ = {isa = PBXFileReference; fileEncoding = 4; lastKnownFileType = sourcecode.c.objc; path = ShopView.m; sourceTree = "<group>"; };
		739EF38D1BE897B900E13F81 /* CustomerView.h */ = {isa = PBXFileReference; fileEncoding = 4; lastKnownFileType = sourcecode.c.h; path = CustomerView.h; sourceTree = "<group>"; };
		739EF38E1BE897B900E13F81 /* CustomerView.m */ = {isa = PBXFileReference; fileEncoding = 4; lastKnownFileType = sourcecode.c.objc; path = CustomerView.m; sourceTree = "<group>"; };
		739EF3901BE897D200E13F81 /* TotlePriceView.h */ = {isa = PBXFileReference; fileEncoding = 4; lastKnownFileType = sourcecode.c.h; path = TotlePriceView.h; sourceTree = "<group>"; };
		739EF3911BE897D200E13F81 /* TotlePriceView.m */ = {isa = PBXFileReference; fileEncoding = 4; lastKnownFileType = sourcecode.c.objc; path = TotlePriceView.m; sourceTree = "<group>"; };
		73AABF3C1D1B863E00210AB3 /* orderDetailspopView.h */ = {isa = PBXFileReference; fileEncoding = 4; lastKnownFileType = sourcecode.c.h; path = orderDetailspopView.h; sourceTree = "<group>"; };
		73AABF3D1D1B863E00210AB3 /* orderDetailspopView.m */ = {isa = PBXFileReference; fileEncoding = 4; lastKnownFileType = sourcecode.c.objc; path = orderDetailspopView.m; sourceTree = "<group>"; };
		73AABF3F1D1B86DB00210AB3 /* customicon.png */ = {isa = PBXFileReference; lastKnownFileType = image.png; path = customicon.png; sourceTree = "<group>"; };
		73AABF401D1B86DB00210AB3 /* customPhoneicon.png */ = {isa = PBXFileReference; lastKnownFileType = image.png; path = customPhoneicon.png; sourceTree = "<group>"; };
		73AABF411D1B86DB00210AB3 /* orderDertailsicon.png */ = {isa = PBXFileReference; lastKnownFileType = image.png; path = orderDertailsicon.png; sourceTree = "<group>"; };
		73AABF421D1B86DB00210AB3 /* shopicon.png */ = {isa = PBXFileReference; lastKnownFileType = image.png; path = shopicon.png; sourceTree = "<group>"; };
		73AABF431D1B86DB00210AB3 /* shopPhoneicon4.png */ = {isa = PBXFileReference; lastKnownFileType = image.png; path = shopPhoneicon4.png; sourceTree = "<group>"; };
		73AABF491D1B879C00210AB3 /* orderDetailspopView.xib */ = {isa = PBXFileReference; fileEncoding = 4; lastKnownFileType = file.xib; path = orderDetailspopView.xib; sourceTree = "<group>"; };
		73AF18131D1A7B75003FCBA6 /* ScrollLabelView.h */ = {isa = PBXFileReference; fileEncoding = 4; lastKnownFileType = sourcecode.c.h; path = ScrollLabelView.h; sourceTree = "<group>"; };
		73AF18141D1A7B75003FCBA6 /* ScrollLabelView.m */ = {isa = PBXFileReference; fileEncoding = 4; lastKnownFileType = sourcecode.c.objc; path = ScrollLabelView.m; sourceTree = "<group>"; };
		73AF18161D1A86F3003FCBA6 /* loadFailed.png */ = {isa = PBXFileReference; lastKnownFileType = image.png; path = loadFailed.png; sourceTree = "<group>"; };
		73AF18181D1A8979003FCBA6 /* todayMoney.png */ = {isa = PBXFileReference; lastKnownFileType = image.png; path = todayMoney.png; sourceTree = "<group>"; };
		73AF18191D1A8979003FCBA6 /* totoaMonry.png */ = {isa = PBXFileReference; lastKnownFileType = image.png; path = totoaMonry.png; sourceTree = "<group>"; };
		73CCA3D11BE20CFB0051BDFE /* ChangePasswordViewController.h */ = {isa = PBXFileReference; fileEncoding = 4; lastKnownFileType = sourcecode.c.h; path = ChangePasswordViewController.h; sourceTree = "<group>"; };
		73CCA3D21BE20CFB0051BDFE /* ChangePasswordViewController.m */ = {isa = PBXFileReference; fileEncoding = 4; lastKnownFileType = sourcecode.c.objc; path = ChangePasswordViewController.m; sourceTree = "<group>"; };
		73CCA3D41BE211310051BDFE /* PasswordVIewHelpView.h */ = {isa = PBXFileReference; fileEncoding = 4; lastKnownFileType = sourcecode.c.h; path = PasswordVIewHelpView.h; sourceTree = "<group>"; };
		73CCA3D51BE211310051BDFE /* PasswordVIewHelpView.m */ = {isa = PBXFileReference; fileEncoding = 4; lastKnownFileType = sourcecode.c.objc; path = PasswordVIewHelpView.m; sourceTree = "<group>"; };
		73F99F971CFFDA5A00B36C5A /* positionIcon.png */ = {isa = PBXFileReference; lastKnownFileType = image.png; path = positionIcon.png; sourceTree = "<group>"; };
		73FD83101CC5DD5800868A8A /* defaultaddress.png */ = {isa = PBXFileReference; lastKnownFileType = image.png; path = defaultaddress.png; sourceTree = "<group>"; };
/* End PBXFileReference section */

/* Begin PBXFrameworksBuildPhase section */
		735AB3741BD9FA9200075477 /* Frameworks */ = {
			isa = PBXFrameworksBuildPhase;
			buildActionMask = 2147483647;
			files = (
				734E531C1D06CD3C00F68CA5 /* libc++.tbd in Frameworks */,
				730821021D02CF5A00ACE5C6 /* AddressBook.framework in Frameworks */,
				738416B91CFD79B500EC7405 /* AVFoundation.framework in Frameworks */,
				736A121E1C4E007600549177 /* libstdc++.6.0.9.tbd in Frameworks */,
				736A121C1C4E005D00549177 /* libsqlite3.0.tbd in Frameworks */,
				736A121A1C4E002500549177 /* OpenGLES.framework in Frameworks */,
				736A12181C4E001B00549177 /* QuartzCore.framework in Frameworks */,
				736A12161C4E000800549177 /* CoreLocation.framework in Frameworks */,
				730821001D02CE6B00ACE5C6 /* AMapNaviKit.framework in Frameworks */,
				736A120B1C4DFCDB00549177 /* BaiduMapAPI_Base.framework in Frameworks */,
				73792F521C4C763200E4BD58 /* AudioToolbox.framework in Frameworks */,
				7342873F1C4651EE0093D133 /* libz.tbd in Frameworks */,
				7342873D1C4651DC0093D133 /* Security.framework in Frameworks */,
				7342873B1C4651D20093D133 /* UIKit.framework in Frameworks */,
				734287391C4651C70093D133 /* Foundation.framework in Frameworks */,
				734287371C4651BB0093D133 /* CoreGraphics.framework in Frameworks */,
				734287351C4651B10093D133 /* SystemConfiguration.framework in Frameworks */,
				736A12101C4DFCDB00549177 /* BaiduMapAPI_Search.framework in Frameworks */,
				736A120C1C4DFCDB00549177 /* BaiduMapAPI_Cloud.framework in Frameworks */,
				734287331C4651A00093D133 /* CoreTelephony.framework in Frameworks */,
				734E531A1D06CCEA00F68CA5 /* iflyMSC.framework in Frameworks */,
				734287311C4651950093D133 /* CoreFoundation.framework in Frameworks */,
				736A120F1C4DFCDB00549177 /* BaiduMapAPI_Radar.framework in Frameworks */,
				7342872F1C46518D0093D133 /* CFNetwork.framework in Frameworks */,
				730820FD1D02CE6100ACE5C6 /* AMapSearchKit.framework in Frameworks */,
				B3558747461A64B44E6FDB9B /* libPods.a in Frameworks */,
				736A12111C4DFCDB00549177 /* BaiduMapAPI_Utils.framework in Frameworks */,
				736A120D1C4DFCDB00549177 /* BaiduMapAPI_Location.framework in Frameworks */,
				736A120E1C4DFCDB00549177 /* BaiduMapAPI_Map.framework in Frameworks */,
				732CFEEF1CFC1849000B19DD /* jpush-ios-2.1.7.a in Frameworks */,
			);
			runOnlyForDeploymentPostprocessing = 0;
		};
		735AB3871BD9FA9200075477 /* Frameworks */ = {
			isa = PBXFrameworksBuildPhase;
			buildActionMask = 2147483647;
			files = (
			);
			runOnlyForDeploymentPostprocessing = 0;
		};
		735AB3921BD9FA9200075477 /* Frameworks */ = {
			isa = PBXFrameworksBuildPhase;
			buildActionMask = 2147483647;
			files = (
			);
			runOnlyForDeploymentPostprocessing = 0;
		};
/* End PBXFrameworksBuildPhase section */

/* Begin PBXGroup section */
		15EB3FD6E4E5F59DA85F2918 /* Frameworks */ = {
			isa = PBXGroup;
			children = (
				734E531B1D06CD3C00F68CA5 /* libc++.tbd */,
				734E53191D06CCEA00F68CA5 /* iflyMSC.framework */,
				730821011D02CF5A00ACE5C6 /* AddressBook.framework */,
				730820FF1D02CE6B00ACE5C6 /* AMapNaviKit.framework */,
				730820FB1D02CE6100ACE5C6 /* AMapSearchKit.framework */,
				738416B81CFD79B500EC7405 /* AVFoundation.framework */,
				732CFEEC1CFC1849000B19DD /* lib */,
				736A121D1C4E007600549177 /* libstdc++.6.0.9.tbd */,
				736A121B1C4E005D00549177 /* libsqlite3.0.tbd */,
				7342873E1C4651EE0093D133 /* libz.tbd */,
				736A12191C4E002500549177 /* OpenGLES.framework */,
				736A12171C4E001B00549177 /* QuartzCore.framework */,
				736A12151C4E000800549177 /* CoreLocation.framework */,
				736A12031C4DFCC100549177 /* 百度地图 */,
				73792F511C4C763200E4BD58 /* AudioToolbox.framework */,
				7342873C1C4651DC0093D133 /* Security.framework */,
				7342873A1C4651D20093D133 /* UIKit.framework */,
				734287381C4651C70093D133 /* Foundation.framework */,
				734287361C4651BB0093D133 /* CoreGraphics.framework */,
				734287341C4651B10093D133 /* SystemConfiguration.framework */,
				734287321C4651A00093D133 /* CoreTelephony.framework */,
				734287301C4651950093D133 /* CoreFoundation.framework */,
				7342872E1C46518D0093D133 /* CFNetwork.framework */,
				42EC1EC24A3BF47F227F8162 /* libPods.a */,
			);
			name = Frameworks;
			sourceTree = "<group>";
		};
		5E5056FA1B75EF4C45215896 /* Pods */ = {
			isa = PBXGroup;
			children = (
				5894D001A122085DAECA8784 /* Pods.debug.xcconfig */,
				21577E8C685630529905863D /* Pods.release.xcconfig */,
			);
			name = Pods;
			sourceTree = "<group>";
		};
		731D430E1D051FCB005C8817 /* Annotation */ = {
			isa = PBXGroup;
			children = (
				731D430F1D051FCB005C8817 /* NavPointAnnotation.h */,
				731D43101D051FCB005C8817 /* NavPointAnnotation.m */,
			);
			path = Annotation;
			sourceTree = "<group>";
		};
		732CFEEC1CFC1849000B19DD /* lib */ = {
			isa = PBXGroup;
			children = (
				732CFEED1CFC1849000B19DD /* jpush-ios-2.1.7.a */,
				732CFEEE1CFC1849000B19DD /* JPUSHService.h */,
			);
			path = lib;
			sourceTree = "<group>";
		};
		733090611D17DEB600339847 /* DB */ = {
			isa = PBXGroup;
			children = (
				733090621D17DF1B00339847 /* SDBManager.h */,
				733090631D17DF1B00339847 /* SDBManager.m */,
				733090651D17DF7000339847 /* PositionDB.h */,
				733090661D17DF7000339847 /* PositionDB.m */,
				733090681D17DF8B00339847 /* PositionModel.h */,
				733090691D17DF8B00339847 /* PositionModel.m */,
			);
			name = DB;
			sourceTree = "<group>";
		};
		7330906B1D17E00400339847 /* FMDB */ = {
			isa = PBXGroup;
			children = (
				7330906C1D17E00400339847 /* FMDatabase.h */,
				7330906D1D17E00400339847 /* FMDatabase.m */,
				7330906E1D17E00400339847 /* FMDatabaseAdditions.h */,
				7330906F1D17E00400339847 /* FMDatabaseAdditions.m */,
				733090701D17E00400339847 /* FMDatabasePool.h */,
				733090711D17E00400339847 /* FMDatabasePool.m */,
				733090721D17E00400339847 /* FMDatabaseQueue.h */,
				733090731D17E00400339847 /* FMDatabaseQueue.m */,
				733090741D17E00400339847 /* FMDB.h */,
				733090751D17E00400339847 /* FMResultSet.h */,
				733090761D17E00400339847 /* FMResultSet.m */,
			);
			path = FMDB;
			sourceTree = "<group>";
		};
		733168A91BDB16EE00D81EC2 /* UIViewAdditions */ = {
			isa = PBXGroup;
			children = (
				733168A61BDB16E900D81EC2 /* UIViewAdditions.m */,
				733168A71BDB16E900D81EC2 /* UIViewAdditions.h */,
			);
			name = UIViewAdditions;
			sourceTree = "<group>";
		};
		735AB36E1BD9FA9200075477 = {
			isa = PBXGroup;
			children = (
				730821031D02D06400ACE5C6 /* AMapNavi.bundle */,
				730821041D02D06400ACE5C6 /* AMap.bundle */,
				735AB3791BD9FA9200075477 /* Delivery */,
				735AB38D1BD9FA9200075477 /* DeliveryTests */,
				735AB3981BD9FA9200075477 /* DeliveryUITests */,
				735AB3781BD9FA9200075477 /* Products */,
				5E5056FA1B75EF4C45215896 /* Pods */,
				15EB3FD6E4E5F59DA85F2918 /* Frameworks */,
			);
			sourceTree = "<group>";
		};
		735AB3781BD9FA9200075477 /* Products */ = {
			isa = PBXGroup;
			children = (
				735AB3771BD9FA9200075477 /* Delivery.app */,
				735AB38A1BD9FA9200075477 /* DeliveryTests.xctest */,
				735AB3951BD9FA9200075477 /* DeliveryUITests.xctest */,
			);
			name = Products;
			sourceTree = "<group>";
		};
		735AB3791BD9FA9200075477 /* Delivery */ = {
			isa = PBXGroup;
			children = (
				735AB3A71BDA2FCC00075477 /* RootVC */,
				735AB3A91BDA2FEA00075477 /* General */,
				735AB3AA1BDA2FEB00075477 /* Helps */,
				735AB3AB1BDA2FEB00075477 /* Reco */,
				735AB3AC1BDA2FEC00075477 /* Macro */,
				735AB3AD1BDA2FEC00075477 /* Section */,
				735AB3AE1BDA2FED00075477 /* Venders */,
				735AB3801BD9FA9200075477 /* Assets.xcassets */,
				735AB3821BD9FA9200075477 /* LaunchScreen.storyboard */,
				735AB3851BD9FA9200075477 /* Info.plist */,
				736A12011C4DDB2100549177 /* Images.xcassets */,
				735AB37A1BD9FA9200075477 /* Supporting Files */,
			);
			path = Delivery;
			sourceTree = "<group>";
		};
		735AB37A1BD9FA9200075477 /* Supporting Files */ = {
			isa = PBXGroup;
			children = (
				735AB37B1BD9FA9200075477 /* main.m */,
			);
			name = "Supporting Files";
			sourceTree = "<group>";
		};
		735AB38D1BD9FA9200075477 /* DeliveryTests */ = {
			isa = PBXGroup;
			children = (
				735AB38E1BD9FA9200075477 /* DeliveryTests.m */,
				735AB3901BD9FA9200075477 /* Info.plist */,
			);
			path = DeliveryTests;
			sourceTree = "<group>";
		};
		735AB3981BD9FA9200075477 /* DeliveryUITests */ = {
			isa = PBXGroup;
			children = (
				735AB3991BD9FA9200075477 /* DeliveryUITests.m */,
				735AB39B1BD9FA9200075477 /* Info.plist */,
			);
			path = DeliveryUITests;
			sourceTree = "<group>";
		};
		735AB3A71BDA2FCC00075477 /* RootVC */ = {
			isa = PBXGroup;
			children = (
				735AB37D1BD9FA9200075477 /* AppDelegate.h */,
				735AB37E1BD9FA9200075477 /* AppDelegate.m */,
				734287181C4623F80093D133 /* LoginViewController.h */,
				734287191C4623F80093D133 /* LoginViewController.m */,
				734287161C4623D90093D133 /* LoginViewController.xib */,
				737BE8771BDF17B1002DD240 /* CenterViewController.h */,
				737BE8781BDF17B1002DD240 /* CenterViewController.m */,
			);
			name = RootVC;
			sourceTree = "<group>";
		};
		735AB3A91BDA2FEA00075477 /* General */ = {
			isa = PBXGroup;
			children = (
				734287211C463C8C0093D133 /* HTTPPost.h */,
				734287221C463C8C0093D133 /* HTTPPost.m */,
				73731C9D1C98F124009F870D /* AFAppDotNetAPIClient.h */,
				73731C9E1C98F124009F870D /* AFAppDotNetAPIClient.m */,
				734287241C464C0D0093D133 /* NSString+MD5.h */,
				734287251C464C0D0093D133 /* NSString+MD5.m */,
				734287271C464F440093D133 /* UserInfo.h */,
				734287281C464F440093D133 /* UserInfo.m */,
				7365872E1C4778A500DFB6AE /* NSDictionary+Unicode.h */,
				7365872F1C4778A500DFB6AE /* NSDictionary+Unicode.m */,
				7374C00A1C8D0D7500A30CF8 /* TransportLocation.h */,
				7374C00B1C8D0D7500A30CF8 /* TransportLocation.m */,
				730B7F701CDADA49003D6096 /* GCDAsyncUdpSocket.h */,
				730B7F711CDADA49003D6096 /* GCDAsyncUdpSocket.m */,
				730B7F721CDADA49003D6096 /* UserLocation.h */,
				730B7F731CDADA49003D6096 /* UserLocation.m */,
				733090611D17DEB600339847 /* DB */,
				7374C00D1C8D0EF900A30CF8 /* 获取位置及坐标 */,
			);
			name = General;
			sourceTree = "<group>";
		};
		735AB3AA1BDA2FEB00075477 /* Helps */ = {
			isa = PBXGroup;
			children = (
				736587341C477FAF00DFB6AE /* AFClient.h */,
				736587351C477FAF00DFB6AE /* AFClient.m */,
				733168A51BDB165E00D81EC2 /* AllHeader.pch */,
			);
			name = Helps;
			sourceTree = "<group>";
		};
		735AB3AB1BDA2FEB00075477 /* Reco */ = {
			isa = PBXGroup;
			children = (
				73FD83131CC5DD5E00868A8A /* 订单详情 */,
				73934D5A1CBB49E100F892F5 /* back_black@2x.png */,
				73AF18161D1A86F3003FCBA6 /* loadFailed.png */,
				73934D531CBB477400F892F5 /* 设置 */,
				7374587A1C508AA500C37760 /* Icon-80.png */,
				7333D5D91CDC921600584755 /* dianhua.png */,
				73815FD51C4F24F4008F1BC2 /* phone.png */,
				73792F4E1C4C74FE00E4BD58 /* 新订单提示音 */,
				7342871F1C46324F0093D133 /* 1px.png */,
				7342871B1C4628AF0093D133 /* password_hide.png */,
				7342871C1C4628AF0093D133 /* password_show.png */,
				734287141C4621480093D133 /* arrowright.png */,
				73792F551C4C8C8E00E4BD58 /* setting@2x.png */,
				73792F531C4C8B9100E4BD58 /* setting.png */,
				73711F441C45EC9300D111A8 /* setting_normal.png */,
				737A3E611C43778700949457 /* action_food_left.png */,
				730A3FC51BEB1E4100083906 /* location_order.png */,
				73792F571C4C8EA600E4BD58 /* remark_order.png */,
				737BE87A1BDF23CB002DD240 /* backImage.jpg */,
				737BE8751BDF1558002DD240 /* back@2x.png */,
				733168AA1BDB28ED00D81EC2 /* PHOTO.png */,
			);
			name = Reco;
			sourceTree = "<group>";
		};
		735AB3AC1BDA2FEC00075477 /* Macro */ = {
			isa = PBXGroup;
			children = (
			);
			name = Macro;
			sourceTree = "<group>";
		};
		735AB3AD1BDA2FEC00075477 /* Section */ = {
			isa = PBXGroup;
			children = (
				73815FD41C4F1EC2008F1BC2 /* MAP */,
				735AB3B61BDA309400075477 /* UserCenter */,
				735AB3B21BDA306D00075477 /* Order */,
			);
			name = Section;
			sourceTree = "<group>";
		};
		735AB3AE1BDA2FED00075477 /* Venders */ = {
			isa = PBXGroup;
			children = (
				7330906B1D17E00400339847 /* FMDB */,
				736587311C47792B00DFB6AE /* JRSwizzle.h */,
				736587321C47792B00DFB6AE /* JRSwizzle.m */,
				7365872B1C476EC300DFB6AE /* JSONKit.h */,
				7365872C1C476EC300DFB6AE /* JSONKit.m */,
				736587291C47664F00DFB6AE /* PushConfig.plist */,
				733168A91BDB16EE00D81EC2 /* UIViewAdditions */,
			);
			name = Venders;
			sourceTree = "<group>";
		};
		735AB3B21BDA306D00075477 /* Order */ = {
			isa = PBXGroup;
			children = (
				735AB3B31BDA307600075477 /* Controller */,
				735AB3B51BDA308500075477 /* View */,
				735AB3B41BDA307F00075477 /* Model */,
			);
			name = Order;
			sourceTree = "<group>";
		};
		735AB3B31BDA307600075477 /* Controller */ = {
			isa = PBXGroup;
			children = (
				735AB3AF1BDA306800075477 /* OrderViewController.h */,
				735AB3B01BDA306800075477 /* OrderViewController.m */,
				73AABF3B1D1B85F200210AB3 /* 订单详情 */,
				7397295A1C48F5670057C250 /* PersonalDataViewController.h */,
				7397295B1C48F5670057C250 /* PersonalDataViewController.m */,
				7374C0171C8D5E5800A30CF8 /* ViewController.h */,
				7374C0181C8D5E5800A30CF8 /* ViewController.m */,
			);
			name = Controller;
			sourceTree = "<group>";
		};
		735AB3B41BDA307F00075477 /* Model */ = {
			isa = PBXGroup;
			children = (
				737A3E5E1C43758B00949457 /* Meal.h */,
				737A3E5F1C43758B00949457 /* Meal.m */,
				737A3E631C43789F00949457 /* NewOrderModel.h */,
				737A3E641C43789F00949457 /* NewOrderModel.m */,
			);
			name = Model;
			sourceTree = "<group>";
		};
		735AB3B51BDA308500075477 /* View */ = {
			isa = PBXGroup;
			children = (
				739EF3811BE896F000E13F81 /* NewOrderCell.h */,
				739EF3821BE896F000E13F81 /* NewOrderCell.m */,
				739EF3841BE8974F00E13F81 /* DeliveryingCell.h */,
				739EF3851BE8974F00E13F81 /* DeliveryingCell.m */,
				739EF3871BE8976A00E13F81 /* DeliveriedCell.h */,
				739EF3881BE8976A00E13F81 /* DeliveriedCell.m */,
				739EF38A1BE8978E00E13F81 /* ShopView.h */,
				739EF38B1BE8978E00E13F81 /* ShopView.m */,
				739EF38D1BE897B900E13F81 /* CustomerView.h */,
				739EF38E1BE897B900E13F81 /* CustomerView.m */,
				737A3E5B1C43729900949457 /* MealPriceView.h */,
				737A3E5C1C43729900949457 /* MealPriceView.m */,
				736A27D91CC878C400D15CFC /* MealDetailsView.h */,
				736A27DA1CC878C400D15CFC /* MealDetailsView.m */,
				739EF3901BE897D200E13F81 /* TotlePriceView.h */,
				739EF3911BE897D200E13F81 /* TotlePriceView.m */,
				737A3E691C43899B00949457 /* OrderMenuVIew.h */,
				737A3E6A1C43899B00949457 /* OrderMenuVIew.m */,
			);
			name = View;
			sourceTree = "<group>";
		};
		735AB3B61BDA309400075477 /* UserCenter */ = {
			isa = PBXGroup;
			children = (
				735AB3B91BDA30B900075477 /* Controller */,
				735AB3B81BDA30B500075477 /* View */,
				735AB3B71BDA30AF00075477 /* Model */,
			);
			name = UserCenter;
			sourceTree = "<group>";
		};
		735AB3B71BDA30AF00075477 /* Model */ = {
			isa = PBXGroup;
			children = (
			);
			name = Model;
			sourceTree = "<group>";
		};
		735AB3B81BDA30B500075477 /* View */ = {
			isa = PBXGroup;
			children = (
				735AB3BD1BDA320800075477 /* OtherView.h */,
				735AB3BE1BDA320800075477 /* OtherView.m */,
				73CCA3D41BE211310051BDFE /* PasswordVIewHelpView.h */,
				73CCA3D51BE211310051BDFE /* PasswordVIewHelpView.m */,
				73934D501CBB41F900F892F5 /* UICustomSwitch.h */,
				73934D511CBB41F900F892F5 /* UICustomSwitch.m */,
			);
			name = View;
			sourceTree = "<group>";
		};
		735AB3B91BDA30B900075477 /* Controller */ = {
			isa = PBXGroup;
			children = (
				735AB3BA1BDA30FB00075477 /* UserCenterViewController.h */,
				735AB3BB1BDA30FB00075477 /* UserCenterViewController.m */,
				7383635A1BE094CF00F2F542 /* PersonCenterViewController.h */,
				7383635B1BE094CF00F2F542 /* PersonCenterViewController.m */,
				73CCA3D11BE20CFB0051BDFE /* ChangePasswordViewController.h */,
				73CCA3D21BE20CFB0051BDFE /* ChangePasswordViewController.m */,
			);
			name = Controller;
			sourceTree = "<group>";
		};
		736A12031C4DFCC100549177 /* 百度地图 */ = {
			isa = PBXGroup;
			children = (
				736A121F1C4E011B00549177 /* mapapi.bundle */,
				736A12041C4DFCDB00549177 /* BaiduMapAPI_Base.framework */,
				736A12051C4DFCDB00549177 /* BaiduMapAPI_Cloud.framework */,
				736A12061C4DFCDB00549177 /* BaiduMapAPI_Location.framework */,
				736A12071C4DFCDB00549177 /* BaiduMapAPI_Map.framework */,
				736A12081C4DFCDB00549177 /* BaiduMapAPI_Radar.framework */,
				736A12091C4DFCDB00549177 /* BaiduMapAPI_Search.framework */,
				736A120A1C4DFCDB00549177 /* BaiduMapAPI_Utils.framework */,
			);
			name = "百度地图";
			sourceTree = "<group>";
		};
		7374C00D1C8D0EF900A30CF8 /* 获取位置及坐标 */ = {
			isa = PBXGroup;
			children = (
				7374C0111C8D143500A30CF8 /* CLLocation+YCLocation.h */,
				7374C0121C8D143500A30CF8 /* CLLocation+YCLocation.m */,
				7374C0141C8D4E4B00A30CF8 /* CCLocationManager.h */,
				7374C0151C8D4E4B00A30CF8 /* CCLocationManager.m */,
				731D430B1D050F3A005C8817 /* AMapSearchm.h */,
				731D430C1D050F3A005C8817 /* AMapSearchm.m */,
				73997CA51D0569A100681671 /* Toast */,
				731D430E1D051FCB005C8817 /* Annotation */,
			);
			name = "获取位置及坐标";
			sourceTree = "<group>";
		};
		73792F4E1C4C74FE00E4BD58 /* 新订单提示音 */ = {
			isa = PBXGroup;
			children = (
				7310838F1D153A0000522835 /* deliverySound.caf */,
				73074F201D1108C10040060A /* sound.mp3 */,
				733191AE1CFD80E8008FFD9E /* sound1.aif */,
				73792F4F1C4C754A00E4BD58 /* sound.caf */,
			);
			name = "新订单提示音";
			sourceTree = "<group>";
		};
		73815FD41C4F1EC2008F1BC2 /* MAP */ = {
			isa = PBXGroup;
			children = (
				736A12121C4DFFD300549177 /* Mapcontroller.h */,
				736A12131C4DFFD300549177 /* Mapcontroller.mm */,
			);
			name = MAP;
			sourceTree = "<group>";
		};
		73934D531CBB477400F892F5 /* 设置 */ = {
			isa = PBXGroup;
			children = (
				73AF18181D1A8979003FCBA6 /* todayMoney.png */,
				73AF18191D1A8979003FCBA6 /* totoaMonry.png */,
				73F99F971CFFDA5A00B36C5A /* positionIcon.png */,
				73934D5C1CBB4AEC00F892F5 /* shezhi@2x.png */,
				73934D541CBB478300F892F5 /* icon_1.png */,
				73934D551CBB478300F892F5 /* icon_2.png */,
				73934D561CBB478300F892F5 /* icon_3.png */,
			);
			name = "设置";
			sourceTree = "<group>";
		};
		73997CA51D0569A100681671 /* Toast */ = {
			isa = PBXGroup;
			children = (
				73997CA61D0569A100681671 /* Toast+UIView.h */,
				73997CA71D0569A100681671 /* Toast+UIView.m */,
			);
			path = Toast;
			sourceTree = "<group>";
		};
		73AABF3B1D1B85F200210AB3 /* 订单详情 */ = {
			isa = PBXGroup;
			children = (
				737A3E661C4382FD00949457 /* OrderDetailController.h */,
				737A3E671C4382FD00949457 /* OrderDetailController.m */,
				73AABF3C1D1B863E00210AB3 /* orderDetailspopView.h */,
				73AABF3D1D1B863E00210AB3 /* orderDetailspopView.m */,
				73AABF491D1B879C00210AB3 /* orderDetailspopView.xib */,
				73AF18131D1A7B75003FCBA6 /* ScrollLabelView.h */,
				73AF18141D1A7B75003FCBA6 /* ScrollLabelView.m */,
			);
			name = "订单详情";
			sourceTree = "<group>";
		};
		73FD83131CC5DD5E00868A8A /* 订单详情 */ = {
			isa = PBXGroup;
			children = (
				73AABF3F1D1B86DB00210AB3 /* customicon.png */,
				73AABF401D1B86DB00210AB3 /* customPhoneicon.png */,
				73AABF411D1B86DB00210AB3 /* orderDertailsicon.png */,
				73AABF421D1B86DB00210AB3 /* shopicon.png */,
				73AABF431D1B86DB00210AB3 /* shopPhoneicon4.png */,
				730B7F791CDB3512003D6096 /* icon_hua.png */,
				7380FB0C1CD1E07400D4C602 /* colect_s.png */,
				73FD83101CC5DD5800868A8A /* defaultaddress.png */,
			);
			name = "订单详情";
			sourceTree = "<group>";
		};
/* End PBXGroup section */

/* Begin PBXNativeTarget section */
		735AB3761BD9FA9200075477 /* Delivery */ = {
			isa = PBXNativeTarget;
			buildConfigurationList = 735AB39E1BD9FA9200075477 /* Build configuration list for PBXNativeTarget "Delivery" */;
			buildPhases = (
				81F227264D24591610B4EF3C /* Check Pods Manifest.lock */,
				735AB3731BD9FA9200075477 /* Sources */,
				735AB3741BD9FA9200075477 /* Frameworks */,
				735AB3751BD9FA9200075477 /* Resources */,
				A7EB33F46E553C24EEE7242A /* Copy Pods Resources */,
				80D1F55ED6EE69CA76715474 /* Embed Pods Frameworks */,
			);
			buildRules = (
			);
			dependencies = (
			);
			name = Delivery;
			productName = Delivery;
			productReference = 735AB3771BD9FA9200075477 /* Delivery.app */;
			productType = "com.apple.product-type.application";
		};
		735AB3891BD9FA9200075477 /* DeliveryTests */ = {
			isa = PBXNativeTarget;
			buildConfigurationList = 735AB3A11BD9FA9200075477 /* Build configuration list for PBXNativeTarget "DeliveryTests" */;
			buildPhases = (
				735AB3861BD9FA9200075477 /* Sources */,
				735AB3871BD9FA9200075477 /* Frameworks */,
				735AB3881BD9FA9200075477 /* Resources */,
			);
			buildRules = (
			);
			dependencies = (
				735AB38C1BD9FA9200075477 /* PBXTargetDependency */,
			);
			name = DeliveryTests;
			productName = DeliveryTests;
			productReference = 735AB38A1BD9FA9200075477 /* DeliveryTests.xctest */;
			productType = "com.apple.product-type.bundle.unit-test";
		};
		735AB3941BD9FA9200075477 /* DeliveryUITests */ = {
			isa = PBXNativeTarget;
			buildConfigurationList = 735AB3A41BD9FA9200075477 /* Build configuration list for PBXNativeTarget "DeliveryUITests" */;
			buildPhases = (
				735AB3911BD9FA9200075477 /* Sources */,
				735AB3921BD9FA9200075477 /* Frameworks */,
				735AB3931BD9FA9200075477 /* Resources */,
			);
			buildRules = (
			);
			dependencies = (
				735AB3971BD9FA9200075477 /* PBXTargetDependency */,
			);
			name = DeliveryUITests;
			productName = DeliveryUITests;
			productReference = 735AB3951BD9FA9200075477 /* DeliveryUITests.xctest */;
			productType = "com.apple.product-type.bundle.ui-testing";
		};
/* End PBXNativeTarget section */

/* Begin PBXProject section */
		735AB36F1BD9FA9200075477 /* Project object */ = {
			isa = PBXProject;
			attributes = {
				LastUpgradeCheck = 0700;
				ORGANIZATIONNAME = "仙林";
				TargetAttributes = {
					735AB3761BD9FA9200075477 = {
						CreatedOnToolsVersion = 7.0.1;
						DevelopmentTeam = 26NQNZ7FXL;
						SystemCapabilities = {
							com.apple.BackgroundModes = {
								enabled = 1;
							};
						};
					};
					735AB3891BD9FA9200075477 = {
						CreatedOnToolsVersion = 7.0.1;
						TestTargetID = 735AB3761BD9FA9200075477;
					};
					735AB3941BD9FA9200075477 = {
						CreatedOnToolsVersion = 7.0.1;
						TestTargetID = 735AB3761BD9FA9200075477;
					};
				};
			};
			buildConfigurationList = 735AB3721BD9FA9200075477 /* Build configuration list for PBXProject "Delivery" */;
			compatibilityVersion = "Xcode 3.2";
			developmentRegion = English;
			hasScannedForEncodings = 0;
			knownRegions = (
				en,
				Base,
			);
			mainGroup = 735AB36E1BD9FA9200075477;
			productRefGroup = 735AB3781BD9FA9200075477 /* Products */;
			projectDirPath = "";
			projectRoot = "";
			targets = (
				735AB3761BD9FA9200075477 /* Delivery */,
				735AB3891BD9FA9200075477 /* DeliveryTests */,
				735AB3941BD9FA9200075477 /* DeliveryUITests */,
			);
		};
/* End PBXProject section */

/* Begin PBXResourcesBuildPhase section */
		735AB3751BD9FA9200075477 /* Resources */ = {
			isa = PBXResourcesBuildPhase;
			buildActionMask = 2147483647;
			files = (
				734287171C4623D90093D133 /* LoginViewController.xib in Resources */,
				73F99F981CFFDA5A00B36C5A /* positionIcon.png in Resources */,
				73AF18171D1A86F3003FCBA6 /* loadFailed.png in Resources */,
				73934D5D1CBB4AEC00F892F5 /* shezhi@2x.png in Resources */,
				7333D5DA1CDC921600584755 /* dianhua.png in Resources */,
				736A12201C4E011B00549177 /* mapapi.bundle in Resources */,
				73AABF481D1B86DB00210AB3 /* shopPhoneicon4.png in Resources */,
				735AB3811BD9FA9200075477 /* Assets.xcassets in Resources */,
				73AABF461D1B86DB00210AB3 /* orderDertailsicon.png in Resources */,
				730821051D02D06400ACE5C6 /* AMapNavi.bundle in Resources */,
				73AF181A1D1A8979003FCBA6 /* todayMoney.png in Resources */,
				730B7F7A1CDB3512003D6096 /* icon_hua.png in Resources */,
				7365872A1C47664F00DFB6AE /* PushConfig.plist in Resources */,
				73FD83121CC5DD5800868A8A /* defaultaddress.png in Resources */,
				730A3FC61BEB1E4100083906 /* location_order.png in Resources */,
				73AABF451D1B86DB00210AB3 /* customPhoneicon.png in Resources */,
				7342871E1C4628AF0093D133 /* password_show.png in Resources */,
				734287201C46324F0093D133 /* 1px.png in Resources */,
				73AF181B1D1A8979003FCBA6 /* totoaMonry.png in Resources */,
				73934D591CBB478300F892F5 /* icon_3.png in Resources */,
				7342871D1C4628AF0093D133 /* password_hide.png in Resources */,
				73792F501C4C754A00E4BD58 /* sound.caf in Resources */,
				731083901D153A0000522835 /* deliverySound.caf in Resources */,
				737BE8761BDF1558002DD240 /* back@2x.png in Resources */,
				73AABF441D1B86DB00210AB3 /* customicon.png in Resources */,
				7374587B1C508AA500C37760 /* Icon-80.png in Resources */,
				73711F451C45EC9300D111A8 /* setting_normal.png in Resources */,
				73792F581C4C8EA600E4BD58 /* remark_order.png in Resources */,
				737BE87B1BDF23CB002DD240 /* backImage.jpg in Resources */,
				733168AB1BDB28ED00D81EC2 /* PHOTO.png in Resources */,
				7380FB0D1CD1E07400D4C602 /* colect_s.png in Resources */,
				73AABF4A1D1B879C00210AB3 /* orderDetailspopView.xib in Resources */,
				73792F561C4C8C8E00E4BD58 /* setting@2x.png in Resources */,
				730821061D02D06400ACE5C6 /* AMap.bundle in Resources */,
				73792F541C4C8B9100E4BD58 /* setting.png in Resources */,
				736A12021C4DDB2100549177 /* Images.xcassets in Resources */,
				73074F211D1108C10040060A /* sound.mp3 in Resources */,
				73AABF471D1B86DB00210AB3 /* shopicon.png in Resources */,
				73815FD61C4F24F4008F1BC2 /* phone.png in Resources */,
				734287151C4621480093D133 /* arrowright.png in Resources */,
				737A3E621C43778700949457 /* action_food_left.png in Resources */,
				73934D5B1CBB49E100F892F5 /* back_black@2x.png in Resources */,
				73934D571CBB478300F892F5 /* icon_1.png in Resources */,
				735AB3841BD9FA9200075477 /* LaunchScreen.storyboard in Resources */,
				73934D581CBB478300F892F5 /* icon_2.png in Resources */,
			);
			runOnlyForDeploymentPostprocessing = 0;
		};
		735AB3881BD9FA9200075477 /* Resources */ = {
			isa = PBXResourcesBuildPhase;
			buildActionMask = 2147483647;
			files = (
			);
			runOnlyForDeploymentPostprocessing = 0;
		};
		735AB3931BD9FA9200075477 /* Resources */ = {
			isa = PBXResourcesBuildPhase;
			buildActionMask = 2147483647;
			files = (
			);
			runOnlyForDeploymentPostprocessing = 0;
		};
/* End PBXResourcesBuildPhase section */

/* Begin PBXShellScriptBuildPhase section */
		80D1F55ED6EE69CA76715474 /* Embed Pods Frameworks */ = {
			isa = PBXShellScriptBuildPhase;
			buildActionMask = 2147483647;
			files = (
			);
			inputPaths = (
			);
			name = "Embed Pods Frameworks";
			outputPaths = (
			);
			runOnlyForDeploymentPostprocessing = 0;
			shellPath = /bin/sh;
			shellScript = "\"${SRCROOT}/Pods/Target Support Files/Pods/Pods-frameworks.sh\"\n";
			showEnvVarsInLog = 0;
		};
		81F227264D24591610B4EF3C /* Check Pods Manifest.lock */ = {
			isa = PBXShellScriptBuildPhase;
			buildActionMask = 2147483647;
			files = (
			);
			inputPaths = (
			);
			name = "Check Pods Manifest.lock";
			outputPaths = (
			);
			runOnlyForDeploymentPostprocessing = 0;
			shellPath = /bin/sh;
			shellScript = "diff \"${PODS_ROOT}/../Podfile.lock\" \"${PODS_ROOT}/Manifest.lock\" > /dev/null\nif [[ $? != 0 ]] ; then\n    cat << EOM\nerror: The sandbox is not in sync with the Podfile.lock. Run 'pod install' or update your CocoaPods installation.\nEOM\n    exit 1\nfi\n";
			showEnvVarsInLog = 0;
		};
		A7EB33F46E553C24EEE7242A /* Copy Pods Resources */ = {
			isa = PBXShellScriptBuildPhase;
			buildActionMask = 2147483647;
			files = (
			);
			inputPaths = (
			);
			name = "Copy Pods Resources";
			outputPaths = (
			);
			runOnlyForDeploymentPostprocessing = 0;
			shellPath = /bin/sh;
			shellScript = "\"${SRCROOT}/Pods/Target Support Files/Pods/Pods-resources.sh\"\n";
			showEnvVarsInLog = 0;
		};
/* End PBXShellScriptBuildPhase section */

/* Begin PBXSourcesBuildPhase section */
		735AB3731BD9FA9200075477 /* Sources */ = {
			isa = PBXSourcesBuildPhase;
			buildActionMask = 2147483647;
			files = (
				735AB3BF1BDA320800075477 /* OtherView.m in Sources */,
				739EF3921BE897D200E13F81 /* TotlePriceView.m in Sources */,
				73934D521CBB41F900F892F5 /* UICustomSwitch.m in Sources */,
				733090641D17DF1B00339847 /* SDBManager.m in Sources */,
				7374C0161C8D4E4B00A30CF8 /* CCLocationManager.m in Sources */,
				736A27DB1CC878C400D15CFC /* MealDetailsView.m in Sources */,
				736587301C4778A500DFB6AE /* NSDictionary+Unicode.m in Sources */,
				73731C9F1C98F124009F870D /* AFAppDotNetAPIClient.m in Sources */,
				735AB3BC1BDA30FB00075477 /* UserCenterViewController.m in Sources */,
				734287291C464F440093D133 /* UserInfo.m in Sources */,
				73AABF3E1D1B863E00210AB3 /* orderDetailspopView.m in Sources */,
				73AF18151D1A7B75003FCBA6 /* ScrollLabelView.m in Sources */,
				7330906A1D17DF8B00339847 /* PositionModel.m in Sources */,
				733090791D17E00400339847 /* FMDatabasePool.m in Sources */,
				733168A81BDB16E900D81EC2 /* UIViewAdditions.m in Sources */,
				73CCA3D61BE211310051BDFE /* PasswordVIewHelpView.m in Sources */,
				7365872D1C476EC300DFB6AE /* JSONKit.m in Sources */,
				730B7F751CDADA49003D6096 /* UserLocation.m in Sources */,
				737A3E6B1C43899B00949457 /* OrderMenuVIew.m in Sources */,
				735AB37F1BD9FA9200075477 /* AppDelegate.m in Sources */,
				736587361C477FAF00DFB6AE /* AFClient.m in Sources */,
				735AB3B11BDA306800075477 /* OrderViewController.m in Sources */,
				7397295C1C48F5670057C250 /* PersonalDataViewController.m in Sources */,
				7374C0191C8D5E5800A30CF8 /* ViewController.m in Sources */,
				73997CA81D0569A100681671 /* Toast+UIView.m in Sources */,
				731D430D1D050F3A005C8817 /* AMapSearchm.m in Sources */,
				733090781D17E00400339847 /* FMDatabaseAdditions.m in Sources */,
				739EF3861BE8974F00E13F81 /* DeliveryingCell.m in Sources */,
				737A3E651C43789F00949457 /* NewOrderModel.m in Sources */,
				739EF3891BE8976A00E13F81 /* DeliveriedCell.m in Sources */,
				736587331C47792B00DFB6AE /* JRSwizzle.m in Sources */,
				733090771D17E00400339847 /* FMDatabase.m in Sources */,
				7330907B1D17E00400339847 /* FMResultSet.m in Sources */,
				737A3E5D1C43729900949457 /* MealPriceView.m in Sources */,
				739EF38C1BE8978E00E13F81 /* ShopView.m in Sources */,
				734287231C463C8C0093D133 /* HTTPPost.m in Sources */,
				7374C00C1C8D0D7500A30CF8 /* TransportLocation.m in Sources */,
				735AB37C1BD9FA9200075477 /* main.m in Sources */,
				7330907A1D17E00400339847 /* FMDatabaseQueue.m in Sources */,
				739EF3831BE896F000E13F81 /* NewOrderCell.m in Sources */,
				736A12141C4DFFD300549177 /* Mapcontroller.mm in Sources */,
				739EF38F1BE897B900E13F81 /* CustomerView.m in Sources */,
				7374C0131C8D143500A30CF8 /* CLLocation+YCLocation.m in Sources */,
				731D43111D051FCB005C8817 /* NavPointAnnotation.m in Sources */,
				7383635C1BE094CF00F2F542 /* PersonCenterViewController.m in Sources */,
				734287261C464C0D0093D133 /* NSString+MD5.m in Sources */,
				73CCA3D31BE20CFB0051BDFE /* ChangePasswordViewController.m in Sources */,
				737A3E681C4382FD00949457 /* OrderDetailController.m in Sources */,
				730B7F741CDADA49003D6096 /* GCDAsyncUdpSocket.m in Sources */,
				737A3E601C43758B00949457 /* Meal.m in Sources */,
				733090671D17DF7000339847 /* PositionDB.m in Sources */,
				7342871A1C4623F80093D133 /* LoginViewController.m in Sources */,
				737BE8791BDF17B1002DD240 /* CenterViewController.m in Sources */,
			);
			runOnlyForDeploymentPostprocessing = 0;
		};
		735AB3861BD9FA9200075477 /* Sources */ = {
			isa = PBXSourcesBuildPhase;
			buildActionMask = 2147483647;
			files = (
				735AB38F1BD9FA9200075477 /* DeliveryTests.m in Sources */,
			);
			runOnlyForDeploymentPostprocessing = 0;
		};
		735AB3911BD9FA9200075477 /* Sources */ = {
			isa = PBXSourcesBuildPhase;
			buildActionMask = 2147483647;
			files = (
				735AB39A1BD9FA9200075477 /* DeliveryUITests.m in Sources */,
			);
			runOnlyForDeploymentPostprocessing = 0;
		};
/* End PBXSourcesBuildPhase section */

/* Begin PBXTargetDependency section */
		735AB38C1BD9FA9200075477 /* PBXTargetDependency */ = {
			isa = PBXTargetDependency;
			target = 735AB3761BD9FA9200075477 /* Delivery */;
			targetProxy = 735AB38B1BD9FA9200075477 /* PBXContainerItemProxy */;
		};
		735AB3971BD9FA9200075477 /* PBXTargetDependency */ = {
			isa = PBXTargetDependency;
			target = 735AB3761BD9FA9200075477 /* Delivery */;
			targetProxy = 735AB3961BD9FA9200075477 /* PBXContainerItemProxy */;
		};
/* End PBXTargetDependency section */

/* Begin PBXVariantGroup section */
		735AB3821BD9FA9200075477 /* LaunchScreen.storyboard */ = {
			isa = PBXVariantGroup;
			children = (
				735AB3831BD9FA9200075477 /* Base */,
			);
			name = LaunchScreen.storyboard;
			sourceTree = "<group>";
		};
/* End PBXVariantGroup section */

/* Begin XCBuildConfiguration section */
		735AB39C1BD9FA9200075477 /* Debug */ = {
			isa = XCBuildConfiguration;
			buildSettings = {
				ALWAYS_SEARCH_USER_PATHS = NO;
				CLANG_CXX_LANGUAGE_STANDARD = "gnu++0x";
				CLANG_CXX_LIBRARY = "libc++";
				CLANG_ENABLE_MODULES = YES;
				CLANG_ENABLE_OBJC_ARC = YES;
				CLANG_WARN_BOOL_CONVERSION = YES;
				CLANG_WARN_CONSTANT_CONVERSION = YES;
				CLANG_WARN_DIRECT_OBJC_ISA_USAGE = YES_ERROR;
				CLANG_WARN_EMPTY_BODY = YES;
				CLANG_WARN_ENUM_CONVERSION = YES;
				CLANG_WARN_INT_CONVERSION = YES;
				CLANG_WARN_OBJC_ROOT_CLASS = YES_ERROR;
				CLANG_WARN_UNREACHABLE_CODE = YES;
				CLANG_WARN__DUPLICATE_METHOD_MATCH = YES;
				"CODE_SIGN_IDENTITY[sdk=iphoneos*]" = "iPhone Developer";
				COPY_PHASE_STRIP = NO;
				DEBUG_INFORMATION_FORMAT = dwarf;
				ENABLE_STRICT_OBJC_MSGSEND = YES;
				ENABLE_TESTABILITY = YES;
				GCC_C_LANGUAGE_STANDARD = gnu99;
				GCC_DYNAMIC_NO_PIC = NO;
				GCC_NO_COMMON_BLOCKS = YES;
				GCC_OPTIMIZATION_LEVEL = 0;
				GCC_PREPROCESSOR_DEFINITIONS = (
					"DEBUG=1",
					"$(inherited)",
				);
				GCC_WARN_64_TO_32_BIT_CONVERSION = YES;
				GCC_WARN_ABOUT_RETURN_TYPE = YES_ERROR;
				GCC_WARN_UNDECLARED_SELECTOR = YES;
				GCC_WARN_UNINITIALIZED_AUTOS = YES_AGGRESSIVE;
				GCC_WARN_UNUSED_FUNCTION = YES;
				GCC_WARN_UNUSED_VARIABLE = YES;
				IPHONEOS_DEPLOYMENT_TARGET = 9.0;
				MTL_ENABLE_DEBUG_INFO = YES;
				ONLY_ACTIVE_ARCH = YES;
				SDKROOT = iphoneos;
			};
			name = Debug;
		};
		735AB39D1BD9FA9200075477 /* Release */ = {
			isa = XCBuildConfiguration;
			buildSettings = {
				ALWAYS_SEARCH_USER_PATHS = NO;
				CLANG_CXX_LANGUAGE_STANDARD = "gnu++0x";
				CLANG_CXX_LIBRARY = "libc++";
				CLANG_ENABLE_MODULES = YES;
				CLANG_ENABLE_OBJC_ARC = YES;
				CLANG_WARN_BOOL_CONVERSION = YES;
				CLANG_WARN_CONSTANT_CONVERSION = YES;
				CLANG_WARN_DIRECT_OBJC_ISA_USAGE = YES_ERROR;
				CLANG_WARN_EMPTY_BODY = YES;
				CLANG_WARN_ENUM_CONVERSION = YES;
				CLANG_WARN_INT_CONVERSION = YES;
				CLANG_WARN_OBJC_ROOT_CLASS = YES_ERROR;
				CLANG_WARN_UNREACHABLE_CODE = YES;
				CLANG_WARN__DUPLICATE_METHOD_MATCH = YES;
				"CODE_SIGN_IDENTITY[sdk=iphoneos*]" = "iPhone Developer";
				COPY_PHASE_STRIP = NO;
				DEBUG_INFORMATION_FORMAT = "dwarf-with-dsym";
				ENABLE_NS_ASSERTIONS = NO;
				ENABLE_STRICT_OBJC_MSGSEND = YES;
				GCC_C_LANGUAGE_STANDARD = gnu99;
				GCC_NO_COMMON_BLOCKS = YES;
				GCC_WARN_64_TO_32_BIT_CONVERSION = YES;
				GCC_WARN_ABOUT_RETURN_TYPE = YES_ERROR;
				GCC_WARN_UNDECLARED_SELECTOR = YES;
				GCC_WARN_UNINITIALIZED_AUTOS = YES_AGGRESSIVE;
				GCC_WARN_UNUSED_FUNCTION = YES;
				GCC_WARN_UNUSED_VARIABLE = YES;
				IPHONEOS_DEPLOYMENT_TARGET = 9.0;
				MTL_ENABLE_DEBUG_INFO = NO;
				SDKROOT = iphoneos;
				VALIDATE_PRODUCT = YES;
			};
			name = Release;
		};
		735AB39F1BD9FA9200075477 /* Debug */ = {
			isa = XCBuildConfiguration;
			baseConfigurationReference = 5894D001A122085DAECA8784 /* Pods.debug.xcconfig */;
			buildSettings = {
				ASSETCATALOG_COMPILER_APPICON_NAME = AppIcon;
				ASSETCATALOG_COMPILER_LAUNCHIMAGE_NAME = LaunchImage;
				CODE_SIGN_IDENTITY = "iPhone Developer: fuqian yu (X7Q7RAWEB7)";
				"CODE_SIGN_IDENTITY[sdk=iphoneos*]" = "iPhone Developer: fuqian yu (X7Q7RAWEB7)";
				ENABLE_BITCODE = NO;
				FRAMEWORK_SEARCH_PATHS = (
					"$(inherited)",
					"$(PROJECT_DIR)",
				);
				GCC_PREFIX_HEADER = "$(SRCROOT)/Delivery/AllHeader.pch";
				HEADER_SEARCH_PATHS = (
					"$(inherited)",
					"\"${PODS_ROOT}/Headers/Public\"",
					"\"${PODS_ROOT}/Headers/Public/AFNetworking\"",
					"\"${PODS_ROOT}/Headers/Public/SDWebImage\"",
					"\"${PODS_ROOT}/Headers/Public/SVProgressHUD\"",
					"$(PROJECT_DIR)/Delivery/lib",
					"$(SRCROOT)/lib",
				);
				INFOPLIST_FILE = Delivery/Info.plist;
				IPHONEOS_DEPLOYMENT_TARGET = 8.1;
				LD_RUNPATH_SEARCH_PATHS = "$(inherited) @executable_path/Frameworks";
				LIBRARY_SEARCH_PATHS = (
					"$(inherited)",
					"$(PROJECT_DIR)/Delivery/lib",
					"$(PROJECT_DIR)/Delivery/lib/lib-2.1.7",
					"$(PROJECT_DIR)/lib-2.1.7",
					"$(SRCROOT)/lib",
					"$(PROJECT_DIR)/lib",
				);
				PRODUCT_BUNDLE_IDENTIFIER = "";
				PRODUCT_NAME = "$(TARGET_NAME)";
				PROVISIONING_PROFILE = "78409e0a-1947-4c1a-9a52-a7385084db7f";
			};
			name = Debug;
		};
		735AB3A01BD9FA9200075477 /* Release */ = {
			isa = XCBuildConfiguration;
			baseConfigurationReference = 21577E8C685630529905863D /* Pods.release.xcconfig */;
			buildSettings = {
				ASSETCATALOG_COMPILER_APPICON_NAME = AppIcon;
				ASSETCATALOG_COMPILER_LAUNCHIMAGE_NAME = LaunchImage;
				CODE_SIGN_IDENTITY = "iPhone Distribution: fuqian yu (26NQNZ7FXL)";
				"CODE_SIGN_IDENTITY[sdk=iphoneos*]" = "iPhone Distribution: fuqian yu (26NQNZ7FXL)";
				ENABLE_BITCODE = NO;
				FRAMEWORK_SEARCH_PATHS = (
					"$(inherited)",
					"$(PROJECT_DIR)",
				);
				GCC_PREFIX_HEADER = "$(SRCROOT)/Delivery/AllHeader.pch";
				HEADER_SEARCH_PATHS = (
					"$(inherited)",
					"\"${PODS_ROOT}/Headers/Public\"",
					"\"${PODS_ROOT}/Headers/Public/AFNetworking\"",
					"\"${PODS_ROOT}/Headers/Public/SDWebImage\"",
					"\"${PODS_ROOT}/Headers/Public/SVProgressHUD\"",
					"$(PROJECT_DIR)/Delivery/lib",
					"$(SRCROOT)/lib",
				);
				INFOPLIST_FILE = Delivery/Info.plist;
				IPHONEOS_DEPLOYMENT_TARGET = 8.1;
				LD_RUNPATH_SEARCH_PATHS = "$(inherited) @executable_path/Frameworks";
				LIBRARY_SEARCH_PATHS = (
					"$(inherited)",
					"$(PROJECT_DIR)/Delivery/lib",
					"$(PROJECT_DIR)/Delivery/lib/lib-2.1.7",
					"$(PROJECT_DIR)/lib-2.1.7",
					"$(SRCROOT)/lib",
					"$(PROJECT_DIR)/lib",
				);
				PRODUCT_BUNDLE_IDENTIFIER = "";
				PRODUCT_NAME = "$(TARGET_NAME)";
				PROVISIONING_PROFILE = "78409e0a-1947-4c1a-9a52-a7385084db7f";
			};
			name = Release;
		};
		735AB3A21BD9FA9200075477 /* Debug */ = {
			isa = XCBuildConfiguration;
			buildSettings = {
				BUNDLE_LOADER = "$(TEST_HOST)";
				INFOPLIST_FILE = DeliveryTests/Info.plist;
				LD_RUNPATH_SEARCH_PATHS = "$(inherited) @executable_path/Frameworks @loader_path/Frameworks";
				PRODUCT_BUNDLE_IDENTIFIER = xianlin.DeliveryTests;
				PRODUCT_NAME = "$(TARGET_NAME)";
				TEST_HOST = "$(BUILT_PRODUCTS_DIR)/Delivery.app/Delivery";
			};
			name = Debug;
		};
		735AB3A31BD9FA9200075477 /* Release */ = {
			isa = XCBuildConfiguration;
			buildSettings = {
				BUNDLE_LOADER = "$(TEST_HOST)";
				INFOPLIST_FILE = DeliveryTests/Info.plist;
				LD_RUNPATH_SEARCH_PATHS = "$(inherited) @executable_path/Frameworks @loader_path/Frameworks";
				PRODUCT_BUNDLE_IDENTIFIER = xianlin.DeliveryTests;
				PRODUCT_NAME = "$(TARGET_NAME)";
				TEST_HOST = "$(BUILT_PRODUCTS_DIR)/Delivery.app/Delivery";
			};
			name = Release;
		};
		735AB3A51BD9FA9200075477 /* Debug */ = {
			isa = XCBuildConfiguration;
			buildSettings = {
				INFOPLIST_FILE = DeliveryUITests/Info.plist;
				LD_RUNPATH_SEARCH_PATHS = "$(inherited) @executable_path/Frameworks @loader_path/Frameworks";
				PRODUCT_BUNDLE_IDENTIFIER = xianlin.DeliveryUITests;
				PRODUCT_NAME = "$(TARGET_NAME)";
				TEST_TARGET_NAME = Delivery;
				USES_XCTRUNNER = YES;
			};
			name = Debug;
		};
		735AB3A61BD9FA9200075477 /* Release */ = {
			isa = XCBuildConfiguration;
			buildSettings = {
				INFOPLIST_FILE = DeliveryUITests/Info.plist;
				LD_RUNPATH_SEARCH_PATHS = "$(inherited) @executable_path/Frameworks @loader_path/Frameworks";
				PRODUCT_BUNDLE_IDENTIFIER = xianlin.DeliveryUITests;
				PRODUCT_NAME = "$(TARGET_NAME)";
				TEST_TARGET_NAME = Delivery;
				USES_XCTRUNNER = YES;
			};
			name = Release;
		};
/* End XCBuildConfiguration section */

/* Begin XCConfigurationList section */
		735AB3721BD9FA9200075477 /* Build configuration list for PBXProject "Delivery" */ = {
			isa = XCConfigurationList;
			buildConfigurations = (
				735AB39C1BD9FA9200075477 /* Debug */,
				735AB39D1BD9FA9200075477 /* Release */,
			);
			defaultConfigurationIsVisible = 0;
			defaultConfigurationName = Release;
		};
		735AB39E1BD9FA9200075477 /* Build configuration list for PBXNativeTarget "Delivery" */ = {
			isa = XCConfigurationList;
			buildConfigurations = (
				735AB39F1BD9FA9200075477 /* Debug */,
				735AB3A01BD9FA9200075477 /* Release */,
			);
			defaultConfigurationIsVisible = 0;
			defaultConfigurationName = Release;
		};
		735AB3A11BD9FA9200075477 /* Build configuration list for PBXNativeTarget "DeliveryTests" */ = {
			isa = XCConfigurationList;
			buildConfigurations = (
				735AB3A21BD9FA9200075477 /* Debug */,
				735AB3A31BD9FA9200075477 /* Release */,
			);
			defaultConfigurationIsVisible = 0;
			defaultConfigurationName = Release;
		};
		735AB3A41BD9FA9200075477 /* Build configuration list for PBXNativeTarget "DeliveryUITests" */ = {
			isa = XCConfigurationList;
			buildConfigurations = (
				735AB3A51BD9FA9200075477 /* Debug */,
				735AB3A61BD9FA9200075477 /* Release */,
			);
			defaultConfigurationIsVisible = 0;
			defaultConfigurationName = Release;
		};
/* End XCConfigurationList section */
	};
	rootObject = 735AB36F1BD9FA9200075477 /* Project object */;
}
